
Microsoft Visual Studio Solution File, Format Version 12.00
# Visual Studio Version 17
VisualStudioVersion = 17.5.33424.131
MinimumVisualStudioVersion = 10.0.40219.1
Project("{9A19103F-16F7-4668-BE54-9A1E7A4F7556}") = "LLamaSharp", "LLama\LLamaSharp.csproj", "{01A12D68-DE95-425E-AEEE-2D099305036D}"
EndProject
Global
	GlobalSection(SolutionConfigurationPlatforms) = preSolution
		Debug|Any CPU = Debug|Any CPU
		Debug|x64 = Debug|x64
		GPU|Any CPU = GPU|Any CPU
		GPU|x64 = GPU|x64
		Release|Any CPU = Release|Any CPU
		Release|x64 = Release|x64
	EndGlobalSection
	GlobalSection(ProjectConfigurationPlatforms) = postSolution
		{01A12D68-DE95-425E-AEEE-2D099305036D}.Debug|Any CPU.ActiveCfg = Debug|Any CPU
		{01A12D68-DE95-425E-AEEE-2D099305036D}.Debug|Any CPU.Build.0 = Debug|Any CPU
		{01A12D68-DE95-425E-AEEE-2D099305036D}.Debug|x64.ActiveCfg = Debug|x64
		{01A12D68-DE95-425E-AEEE-2D099305036D}.Debug|x64.Build.0 = Debug|x64
		{01A12D68-DE95-425E-AEEE-2D099305036D}.GPU|Any CPU.ActiveCfg = GPU|Any CPU
		{01A12D68-DE95-425E-AEEE-2D099305036D}.GPU|Any CPU.Build.0 = GPU|Any CPU
		{01A12D68-DE95-425E-AEEE-2D099305036D}.GPU|x64.ActiveCfg = GPU|x64
		{01A12D68-DE95-425E-AEEE-2D099305036D}.GPU|x64.Build.0 = GPU|x64
		{01A12D68-DE95-425E-AEEE-2D099305036D}.Release|Any CPU.ActiveCfg = Release|Any CPU
		{01A12D68-DE95-425E-AEEE-2D099305036D}.Release|Any CPU.Build.0 = Release|Any CPU
		{01A12D68-DE95-425E-AEEE-2D099305036D}.Release|x64.ActiveCfg = Release|x64
		{01A12D68-DE95-425E-AEEE-2D099305036D}.Release|x64.Build.0 = Release|x64
	EndGlobalSection
	GlobalSection(SolutionProperties) = preSolution
		HideSolutionNode = FALSE
	EndGlobalSection
	GlobalSection(ExtensibilityGlobals) = postSolution
		SolutionGuid = {87746B65-249E-4AD9-882B-7B919D079367}
	EndGlobalSection
EndGlobal
