
Microsoft Visual Studio Solution File, Format Version 12.00
# Visual Studio Version 17
VisualStudioVersion = 17.5.33627.172
MinimumVisualStudioVersion = 10.0.40219.1
Project("{2150E333-8FDC-42A3-9474-1A3956D46DE8}") = "Llama", "Llama", "{22FAEB4A-0962-4F18-9856-A39E7649C88F}"
EndProject
Project("{9A19103F-16F7-4668-BE54-9A1E7A4F7556}") = "ChieApi.Shared", "Chie\ChieApi.Shared\ChieApi.Shared.csproj", "{859EE28B-BEEE-41CA-B42D-5535E28D562C}"
EndProject
Project("{2150E333-8FDC-42A3-9474-1A3956D46DE8}") = "Utils", "Utils", "{026C64E5-BB88-4CBB-92B0-D01E10F08A1E}"
EndProject
Project("{9A19103F-16F7-4668-BE54-9A1E7A4F7556}") = "Ai.Utils", "Utils\Ai.Utils\Ai.Utils.csproj", "{2F6E7786-9E20-41A3-BC88-B333EAA21F0B}"
EndProject
Project("{9A19103F-16F7-4668-BE54-9A1E7A4F7556}") = "LlamaClient", "Llama\LlamaClient\LlamaClient.csproj", "{296ED541-E0A5-4796-8804-181F677593F1}"
EndProject
Project("{9A19103F-16F7-4668-BE54-9A1E7A4F7556}") = "LLamaSharp", "Llama\LLamaSharp\LLamaSharp.csproj", "{8EEBFC61-CE05-4EC5-82D4-7799041AA09F}"
EndProject
Project("{9A19103F-16F7-4668-BE54-9A1E7A4F7556}") = "Llama.Shared", "Llama\Llama.Shared\Llama.Shared.csproj", "{8C8D12FC-8D6C-406C-A9CF-F40AD3423EFC}"
EndProject
Project("{2150E333-8FDC-42A3-9474-1A3956D46DE8}") = "Logging", "Logging", "{B89C201C-0655-4D69-AE93-6D22FBA777F3}"
EndProject
Project("{9A19103F-16F7-4668-BE54-9A1E7A4F7556}") = "LoggingApiClient", "Logging\LoggingApiClient\LoggingApiClient.csproj", "{1AE34E72-1149-4D8D-8149-69A88E5CA604}"
EndProject
Project("{9A19103F-16F7-4668-BE54-9A1E7A4F7556}") = "Logging.Shared", "Logging\Logging.Shared\Logging.Shared.csproj", "{0BAC05D6-827B-4EB5-BE6B-0078FE4AB679}"
EndProject
Project("{9A19103F-16F7-4668-BE54-9A1E7A4F7556}") = "UserSummarizer", "Async\UserSummarizer\UserSummarizer.csproj", "{ED3397D6-195D-4F8D-9A9A-43E131FBB229}"
EndProject
Project("{FAE04EC0-301F-11D3-BF4B-00C04F79EFBC}") = "ChatVectorizer", "Async\ChatVectorizer\ChatVectorizer.csproj", "{B34EBB37-FB0C-49F8-8E6D-4198FC0D1D60}"
EndProject
Project("{2150E333-8FDC-42A3-9474-1A3956D46DE8}") = "Chie", "Chie", "{FBE47AE6-1310-4F02-8A00-4F57FF1390BE}"
EndProject
Project("{9A19103F-16F7-4668-BE54-9A1E7A4F7556}") = "Loxifi.Database", "Y:\Git\Loxifi.Database\Loxifi.Database.csproj", "{6A2307BB-B774-4659-BE19-9F194F675E97}"
EndProject
Global
	GlobalSection(SolutionConfigurationPlatforms) = preSolution
		Debug|Any CPU = Debug|Any CPU
		Debug|x64 = Debug|x64
		GPU|Any CPU = GPU|Any CPU
		GPU|x64 = GPU|x64
		Release|Any CPU = Release|Any CPU
		Release|x64 = Release|x64
	EndGlobalSection
	GlobalSection(ProjectConfigurationPlatforms) = postSolution
		{859EE28B-BEEE-41CA-B42D-5535E28D562C}.Debug|Any CPU.ActiveCfg = Debug|Any CPU
		{859EE28B-BEEE-41CA-B42D-5535E28D562C}.Debug|Any CPU.Build.0 = Debug|Any CPU
		{859EE28B-BEEE-41CA-B42D-5535E28D562C}.Debug|x64.ActiveCfg = Debug|Any CPU
		{859EE28B-BEEE-41CA-B42D-5535E28D562C}.Debug|x64.Build.0 = Debug|Any CPU
		{859EE28B-BEEE-41CA-B42D-5535E28D562C}.GPU|Any CPU.ActiveCfg = Debug|Any CPU
		{859EE28B-BEEE-41CA-B42D-5535E28D562C}.GPU|Any CPU.Build.0 = Debug|Any CPU
		{859EE28B-BEEE-41CA-B42D-5535E28D562C}.GPU|x64.ActiveCfg = Debug|Any CPU
		{859EE28B-BEEE-41CA-B42D-5535E28D562C}.GPU|x64.Build.0 = Debug|Any CPU
		{859EE28B-BEEE-41CA-B42D-5535E28D562C}.Release|Any CPU.ActiveCfg = Release|Any CPU
		{859EE28B-BEEE-41CA-B42D-5535E28D562C}.Release|Any CPU.Build.0 = Release|Any CPU
		{859EE28B-BEEE-41CA-B42D-5535E28D562C}.Release|x64.ActiveCfg = Release|Any CPU
		{859EE28B-BEEE-41CA-B42D-5535E28D562C}.Release|x64.Build.0 = Release|Any CPU
		{2F6E7786-9E20-41A3-BC88-B333EAA21F0B}.Debug|Any CPU.ActiveCfg = Debug|Any CPU
		{2F6E7786-9E20-41A3-BC88-B333EAA21F0B}.Debug|Any CPU.Build.0 = Debug|Any CPU
		{2F6E7786-9E20-41A3-BC88-B333EAA21F0B}.Debug|x64.ActiveCfg = Debug|Any CPU
		{2F6E7786-9E20-41A3-BC88-B333EAA21F0B}.Debug|x64.Build.0 = Debug|Any CPU
		{2F6E7786-9E20-41A3-BC88-B333EAA21F0B}.GPU|Any CPU.ActiveCfg = Debug|Any CPU
		{2F6E7786-9E20-41A3-BC88-B333EAA21F0B}.GPU|Any CPU.Build.0 = Debug|Any CPU
		{2F6E7786-9E20-41A3-BC88-B333EAA21F0B}.GPU|x64.ActiveCfg = Debug|Any CPU
		{2F6E7786-9E20-41A3-BC88-B333EAA21F0B}.GPU|x64.Build.0 = Debug|Any CPU
		{2F6E7786-9E20-41A3-BC88-B333EAA21F0B}.Release|Any CPU.ActiveCfg = Release|Any CPU
		{2F6E7786-9E20-41A3-BC88-B333EAA21F0B}.Release|Any CPU.Build.0 = Release|Any CPU
		{2F6E7786-9E20-41A3-BC88-B333EAA21F0B}.Release|x64.ActiveCfg = Release|Any CPU
		{2F6E7786-9E20-41A3-BC88-B333EAA21F0B}.Release|x64.Build.0 = Release|Any CPU
		{296ED541-E0A5-4796-8804-181F677593F1}.Debug|Any CPU.ActiveCfg = Debug|Any CPU
		{296ED541-E0A5-4796-8804-181F677593F1}.Debug|Any CPU.Build.0 = Debug|Any CPU
		{296ED541-E0A5-4796-8804-181F677593F1}.Debug|x64.ActiveCfg = Debug|Any CPU
		{296ED541-E0A5-4796-8804-181F677593F1}.Debug|x64.Build.0 = Debug|Any CPU
		{296ED541-E0A5-4796-8804-181F677593F1}.GPU|Any CPU.ActiveCfg = Debug|Any CPU
		{296ED541-E0A5-4796-8804-181F677593F1}.GPU|Any CPU.Build.0 = Debug|Any CPU
		{296ED541-E0A5-4796-8804-181F677593F1}.GPU|x64.ActiveCfg = Debug|Any CPU
		{296ED541-E0A5-4796-8804-181F677593F1}.GPU|x64.Build.0 = Debug|Any CPU
		{296ED541-E0A5-4796-8804-181F677593F1}.Release|Any CPU.ActiveCfg = Release|Any CPU
		{296ED541-E0A5-4796-8804-181F677593F1}.Release|Any CPU.Build.0 = Release|Any CPU
		{296ED541-E0A5-4796-8804-181F677593F1}.Release|x64.ActiveCfg = Release|Any CPU
		{296ED541-E0A5-4796-8804-181F677593F1}.Release|x64.Build.0 = Release|Any CPU
		{8EEBFC61-CE05-4EC5-82D4-7799041AA09F}.Debug|Any CPU.ActiveCfg = Debug|Any CPU
		{8EEBFC61-CE05-4EC5-82D4-7799041AA09F}.Debug|Any CPU.Build.0 = Debug|Any CPU
		{8EEBFC61-CE05-4EC5-82D4-7799041AA09F}.Debug|x64.ActiveCfg = Debug|x64
		{8EEBFC61-CE05-4EC5-82D4-7799041AA09F}.Debug|x64.Build.0 = Debug|x64
		{8EEBFC61-CE05-4EC5-82D4-7799041AA09F}.GPU|Any CPU.ActiveCfg = GPU|Any CPU
		{8EEBFC61-CE05-4EC5-82D4-7799041AA09F}.GPU|Any CPU.Build.0 = GPU|Any CPU
		{8EEBFC61-CE05-4EC5-82D4-7799041AA09F}.GPU|x64.ActiveCfg = GPU|x64
		{8EEBFC61-CE05-4EC5-82D4-7799041AA09F}.GPU|x64.Build.0 = GPU|x64
		{8EEBFC61-CE05-4EC5-82D4-7799041AA09F}.Release|Any CPU.ActiveCfg = Release|Any CPU
		{8EEBFC61-CE05-4EC5-82D4-7799041AA09F}.Release|Any CPU.Build.0 = Release|Any CPU
		{8EEBFC61-CE05-4EC5-82D4-7799041AA09F}.Release|x64.ActiveCfg = Release|x64
		{8EEBFC61-CE05-4EC5-82D4-7799041AA09F}.Release|x64.Build.0 = Release|x64
		{8C8D12FC-8D6C-406C-A9CF-F40AD3423EFC}.Debug|Any CPU.ActiveCfg = Debug|Any CPU
		{8C8D12FC-8D6C-406C-A9CF-F40AD3423EFC}.Debug|Any CPU.Build.0 = Debug|Any CPU
		{8C8D12FC-8D6C-406C-A9CF-F40AD3423EFC}.Debug|x64.ActiveCfg = Debug|Any CPU
		{8C8D12FC-8D6C-406C-A9CF-F40AD3423EFC}.Debug|x64.Build.0 = Debug|Any CPU
		{8C8D12FC-8D6C-406C-A9CF-F40AD3423EFC}.GPU|Any CPU.ActiveCfg = Debug|Any CPU
		{8C8D12FC-8D6C-406C-A9CF-F40AD3423EFC}.GPU|Any CPU.Build.0 = Debug|Any CPU
		{8C8D12FC-8D6C-406C-A9CF-F40AD3423EFC}.GPU|x64.ActiveCfg = Debug|Any CPU
		{8C8D12FC-8D6C-406C-A9CF-F40AD3423EFC}.GPU|x64.Build.0 = Debug|Any CPU
		{8C8D12FC-8D6C-406C-A9CF-F40AD3423EFC}.Release|Any CPU.ActiveCfg = Release|Any CPU
		{8C8D12FC-8D6C-406C-A9CF-F40AD3423EFC}.Release|Any CPU.Build.0 = Release|Any CPU
		{8C8D12FC-8D6C-406C-A9CF-F40AD3423EFC}.Release|x64.ActiveCfg = Release|Any CPU
		{8C8D12FC-8D6C-406C-A9CF-F40AD3423EFC}.Release|x64.Build.0 = Release|Any CPU
		{1AE34E72-1149-4D8D-8149-69A88E5CA604}.Debug|Any CPU.ActiveCfg = Debug|Any CPU
		{1AE34E72-1149-4D8D-8149-69A88E5CA604}.Debug|Any CPU.Build.0 = Debug|Any CPU
		{1AE34E72-1149-4D8D-8149-69A88E5CA604}.Debug|x64.ActiveCfg = Debug|Any CPU
		{1AE34E72-1149-4D8D-8149-69A88E5CA604}.Debug|x64.Build.0 = Debug|Any CPU
		{1AE34E72-1149-4D8D-8149-69A88E5CA604}.GPU|Any CPU.ActiveCfg = Debug|Any CPU
		{1AE34E72-1149-4D8D-8149-69A88E5CA604}.GPU|Any CPU.Build.0 = Debug|Any CPU
		{1AE34E72-1149-4D8D-8149-69A88E5CA604}.GPU|x64.ActiveCfg = Debug|Any CPU
		{1AE34E72-1149-4D8D-8149-69A88E5CA604}.GPU|x64.Build.0 = Debug|Any CPU
		{1AE34E72-1149-4D8D-8149-69A88E5CA604}.Release|Any CPU.ActiveCfg = Release|Any CPU
		{1AE34E72-1149-4D8D-8149-69A88E5CA604}.Release|Any CPU.Build.0 = Release|Any CPU
		{1AE34E72-1149-4D8D-8149-69A88E5CA604}.Release|x64.ActiveCfg = Release|Any CPU
		{1AE34E72-1149-4D8D-8149-69A88E5CA604}.Release|x64.Build.0 = Release|Any CPU
		{0BAC05D6-827B-4EB5-BE6B-0078FE4AB679}.Debug|Any CPU.ActiveCfg = Debug|Any CPU
		{0BAC05D6-827B-4EB5-BE6B-0078FE4AB679}.Debug|Any CPU.Build.0 = Debug|Any CPU
		{0BAC05D6-827B-4EB5-BE6B-0078FE4AB679}.Debug|x64.ActiveCfg = Debug|Any CPU
		{0BAC05D6-827B-4EB5-BE6B-0078FE4AB679}.Debug|x64.Build.0 = Debug|Any CPU
		{0BAC05D6-827B-4EB5-BE6B-0078FE4AB679}.GPU|Any CPU.ActiveCfg = Debug|Any CPU
		{0BAC05D6-827B-4EB5-BE6B-0078FE4AB679}.GPU|Any CPU.Build.0 = Debug|Any CPU
		{0BAC05D6-827B-4EB5-BE6B-0078FE4AB679}.GPU|x64.ActiveCfg = Debug|Any CPU
		{0BAC05D6-827B-4EB5-BE6B-0078FE4AB679}.GPU|x64.Build.0 = Debug|Any CPU
		{0BAC05D6-827B-4EB5-BE6B-0078FE4AB679}.Release|Any CPU.ActiveCfg = Release|Any CPU
		{0BAC05D6-827B-4EB5-BE6B-0078FE4AB679}.Release|Any CPU.Build.0 = Release|Any CPU
		{0BAC05D6-827B-4EB5-BE6B-0078FE4AB679}.Release|x64.ActiveCfg = Release|Any CPU
		{0BAC05D6-827B-4EB5-BE6B-0078FE4AB679}.Release|x64.Build.0 = Release|Any CPU
		{ED3397D6-195D-4F8D-9A9A-43E131FBB229}.Debug|Any CPU.ActiveCfg = Debug|Any CPU
		{ED3397D6-195D-4F8D-9A9A-43E131FBB229}.Debug|Any CPU.Build.0 = Debug|Any CPU
		{ED3397D6-195D-4F8D-9A9A-43E131FBB229}.Debug|x64.ActiveCfg = Debug|Any CPU
		{ED3397D6-195D-4F8D-9A9A-43E131FBB229}.Debug|x64.Build.0 = Debug|Any CPU
		{ED3397D6-195D-4F8D-9A9A-43E131FBB229}.GPU|Any CPU.ActiveCfg = Debug|Any CPU
		{ED3397D6-195D-4F8D-9A9A-43E131FBB229}.GPU|Any CPU.Build.0 = Debug|Any CPU
		{ED3397D6-195D-4F8D-9A9A-43E131FBB229}.GPU|x64.ActiveCfg = Debug|Any CPU
		{ED3397D6-195D-4F8D-9A9A-43E131FBB229}.GPU|x64.Build.0 = Debug|Any CPU
		{ED3397D6-195D-4F8D-9A9A-43E131FBB229}.Release|Any CPU.ActiveCfg = Release|Any CPU
		{ED3397D6-195D-4F8D-9A9A-43E131FBB229}.Release|Any CPU.Build.0 = Release|Any CPU
		{ED3397D6-195D-4F8D-9A9A-43E131FBB229}.Release|x64.ActiveCfg = Release|Any CPU
		{ED3397D6-195D-4F8D-9A9A-43E131FBB229}.Release|x64.Build.0 = Release|Any CPU
		{B34EBB37-FB0C-49F8-8E6D-4198FC0D1D60}.Debug|Any CPU.ActiveCfg = Debug|Any CPU
		{B34EBB37-FB0C-49F8-8E6D-4198FC0D1D60}.Debug|Any CPU.Build.0 = Debug|Any CPU
		{B34EBB37-FB0C-49F8-8E6D-4198FC0D1D60}.Debug|x64.ActiveCfg = Debug|Any CPU
		{B34EBB37-FB0C-49F8-8E6D-4198FC0D1D60}.Debug|x64.Build.0 = Debug|Any CPU
		{B34EBB37-FB0C-49F8-8E6D-4198FC0D1D60}.GPU|Any CPU.ActiveCfg = Debug|Any CPU
		{B34EBB37-FB0C-49F8-8E6D-4198FC0D1D60}.GPU|Any CPU.Build.0 = Debug|Any CPU
		{B34EBB37-FB0C-49F8-8E6D-4198FC0D1D60}.GPU|x64.ActiveCfg = Debug|Any CPU
		{B34EBB37-FB0C-49F8-8E6D-4198FC0D1D60}.GPU|x64.Build.0 = Debug|Any CPU
		{B34EBB37-FB0C-49F8-8E6D-4198FC0D1D60}.Release|Any CPU.ActiveCfg = Release|Any CPU
		{B34EBB37-FB0C-49F8-8E6D-4198FC0D1D60}.Release|Any CPU.Build.0 = Release|Any CPU
		{B34EBB37-FB0C-49F8-8E6D-4198FC0D1D60}.Release|x64.ActiveCfg = Release|Any CPU
		{B34EBB37-FB0C-49F8-8E6D-4198FC0D1D60}.Release|x64.Build.0 = Release|Any CPU
		{6A2307BB-B774-4659-BE19-9F194F675E97}.Debug|Any CPU.ActiveCfg = Debug|Any CPU
		{6A2307BB-B774-4659-BE19-9F194F675E97}.Debug|Any CPU.Build.0 = Debug|Any CPU
		{6A2307BB-B774-4659-BE19-9F194F675E97}.Debug|x64.ActiveCfg = Debug|Any CPU
		{6A2307BB-B774-4659-BE19-9F194F675E97}.Debug|x64.Build.0 = Debug|Any CPU
		{6A2307BB-B774-4659-BE19-9F194F675E97}.GPU|Any CPU.ActiveCfg = Debug|Any CPU
		{6A2307BB-B774-4659-BE19-9F194F675E97}.GPU|Any CPU.Build.0 = Debug|Any CPU
		{6A2307BB-B774-4659-BE19-9F194F675E97}.GPU|x64.ActiveCfg = Debug|Any CPU
		{6A2307BB-B774-4659-BE19-9F194F675E97}.GPU|x64.Build.0 = Debug|Any CPU
		{6A2307BB-B774-4659-BE19-9F194F675E97}.Release|Any CPU.ActiveCfg = Release|Any CPU
		{6A2307BB-B774-4659-BE19-9F194F675E97}.Release|Any CPU.Build.0 = Release|Any CPU
		{6A2307BB-B774-4659-BE19-9F194F675E97}.Release|x64.ActiveCfg = Release|Any CPU
		{6A2307BB-B774-4659-BE19-9F194F675E97}.Release|x64.Build.0 = Release|Any CPU
	EndGlobalSection
	GlobalSection(SolutionProperties) = preSolution
		HideSolutionNode = FALSE
	EndGlobalSection
	GlobalSection(NestedProjects) = preSolution
		{859EE28B-BEEE-41CA-B42D-5535E28D562C} = {FBE47AE6-1310-4F02-8A00-4F57FF1390BE}
		{2F6E7786-9E20-41A3-BC88-B333EAA21F0B} = {026C64E5-BB88-4CBB-92B0-D01E10F08A1E}
		{296ED541-E0A5-4796-8804-181F677593F1} = {22FAEB4A-0962-4F18-9856-A39E7649C88F}
		{8EEBFC61-CE05-4EC5-82D4-7799041AA09F} = {22FAEB4A-0962-4F18-9856-A39E7649C88F}
		{8C8D12FC-8D6C-406C-A9CF-F40AD3423EFC} = {22FAEB4A-0962-4F18-9856-A39E7649C88F}
		{1AE34E72-1149-4D8D-8149-69A88E5CA604} = {B89C201C-0655-4D69-AE93-6D22FBA777F3}
		{0BAC05D6-827B-4EB5-BE6B-0078FE4AB679} = {B89C201C-0655-4D69-AE93-6D22FBA777F3}
	EndGlobalSection
	GlobalSection(ExtensibilityGlobals) = postSolution
		SolutionGuid = {6DDEBBAD-C00A-4E03-96BC-F303ACD9A4DC}
	EndGlobalSection
EndGlobal
