
Microsoft Visual Studio Solution File, Format Version 12.00
# Visual Studio Version 17
VisualStudioVersion = 17.5.33627.172
MinimumVisualStudioVersion = 10.0.40219.1
Project("{9A19103F-16F7-4668-BE54-9A1E7A4F7556}") = "DiscordClient", "DiscordClient\DiscordClient.csproj", "{1629C89D-75B1-43D6-A25D-DFA3F157EDC3}"
EndProject
Project("{9A19103F-16F7-4668-BE54-9A1E7A4F7556}") = "DiscordGpt", "DiscordGpt\DiscordGpt.csproj", "{ED934F42-499F-49BA-B79D-5D88EF3DE9DF}"
EndProject
Project("{9A19103F-16F7-4668-BE54-9A1E7A4F7556}") = "ChieApi", "ChieApi\ChieApi.csproj", "{710A2D3B-FC6C-493F-A2AD-4917CC458489}"
EndProject
Project("{9A19103F-16F7-4668-BE54-9A1E7A4F7556}") = "Llama.Shared", "Chie.Shared\Llama.Shared.csproj", "{07E7AC65-7299-4869-A323-97F4E8B221A3}"
EndProject
Project("{9A19103F-16F7-4668-BE54-9A1E7A4F7556}") = "Ai.Abstractions", "Ai.Abstractions\Ai.Abstractions.csproj", "{E513C935-E248-413F-B73C-FCE3208C7471}"
EndProject
Project("{9A19103F-16F7-4668-BE54-9A1E7A4F7556}") = "BlipClient", "ImageRecognition\BlipClient.csproj", "{3CA51801-83D5-427F-A4F1-E5C287772716}"
EndProject
Project("{2150E333-8FDC-42A3-9474-1A3956D46DE8}") = "Infrastructure", "Infrastructure", "{22FAEB4A-0962-4F18-9856-A39E7649C88F}"
EndProject
Project("{2150E333-8FDC-42A3-9474-1A3956D46DE8}") = "Applications", "Applications", "{95C729CD-3E84-44B1-A4A7-658CB379C8CD}"
EndProject
Project("{2150E333-8FDC-42A3-9474-1A3956D46DE8}") = "Api", "Api", "{970533A1-0A88-48AE-8243-CC353B72DA8E}"
EndProject
Project("{9A19103F-16F7-4668-BE54-9A1E7A4F7556}") = "ChieApi.Shared", "ChieApi.Shared\ChieApi.Shared.csproj", "{CB2A94D9-E3ED-4CCC-BB76-C60E72CB9D46}"
EndProject
Project("{9A19103F-16F7-4668-BE54-9A1E7A4F7556}") = "ChieApi.Client", "ChieApi.Client\ChieApi.Client.csproj", "{046DBC8E-FE68-4D88-A7BD-6CEC71D303DA}"
EndProject
Project("{2150E333-8FDC-42A3-9474-1A3956D46DE8}") = "Language", "Language", "{62EFA0EA-9EBD-45D4-9D46-CBC5947D60A1}"
EndProject
Project("{2150E333-8FDC-42A3-9474-1A3956D46DE8}") = "Vision", "Vision", "{E8F3C002-9C20-430F-8222-6CEA1E633972}"
EndProject
Project("{9A19103F-16F7-4668-BE54-9A1E7A4F7556}") = "Ai.Utils", "Ai.Utils\Ai.Utils.csproj", "{D95D7898-A9EC-41B5-9FEB-7C475CDA5E73}"
EndProject
Project("{2150E333-8FDC-42A3-9474-1A3956D46DE8}") = "Discord", "Discord", "{7EDE0EA4-501B-4AF7-9222-E97B0C24EC9E}"
EndProject
Project("{2150E333-8FDC-42A3-9474-1A3956D46DE8}") = "Clients", "Clients", "{8563AC6B-ECDE-4AA7-B607-2F87C6FBD66C}"
EndProject
Project("{9A19103F-16F7-4668-BE54-9A1E7A4F7556}") = "Loxifi.TypeFactory", "..\..\Penguin\Repositories\Loxifi\Loxifi.TypeFactory\Loxifi.TypeFactory.csproj", "{EA0F72C0-9957-45DB-ACC6-3B748B84F9C3}"
EndProject
Project("{9A19103F-16F7-4668-BE54-9A1E7A4F7556}") = "StableClient", "StableClient\StableClient.csproj", "{A4F7E119-6CA9-4D32-AC68-AA020642CFDF}"
EndProject
Project("{9A19103F-16F7-4668-BE54-9A1E7A4F7556}") = "Loxifi.ProcessRunner", "Y:\Git\Loxifi.ProcessRunner\Loxifi.ProcessRunner.csproj", "{9DE0945D-7929-4F6D-847B-D91CB739A089}"
EndProject
Project("{9A19103F-16F7-4668-BE54-9A1E7A4F7556}") = "LlamaClient", "LlamaClient\LlamaClient.csproj", "{6362656D-A3D4-4830-9707-C1CF2AD7AAF9}"
EndProject
Project("{2150E333-8FDC-42A3-9474-1A3956D46DE8}") = "Chie", "Chie", "{26594871-CD35-4B02-BD11-4B7B193ED6F7}"
EndProject
Project("{2150E333-8FDC-42A3-9474-1A3956D46DE8}") = "Blip", "Blip", "{A9E6A92B-957B-4CC4-8620-5A2FA98A6CDB}"
EndProject
Project("{9A19103F-16F7-4668-BE54-9A1E7A4F7556}") = "BlipApi", "BlipApi\BlipApi.csproj", "{0B7ADA3E-8FBC-49CD-AE78-B219089EE975}"
EndProject
Project("{9A19103F-16F7-4668-BE54-9A1E7A4F7556}") = "Blip.Shared", "Blip.Shared\Blip.Shared.csproj", "{1200BA5D-BE4D-4DDA-9CA3-F6EB154B63EB}"
EndProject
Project("{9A19103F-16F7-4668-BE54-9A1E7A4F7556}") = "Blip.Client", "Blip.Client\Blip.Client.csproj", "{FBDA5CD3-A2F7-4EC9-8E0F-4EBB225C5EB1}"
EndProject
Project("{2150E333-8FDC-42A3-9474-1A3956D46DE8}") = "Tests", "Tests", "{952D77C7-F26C-4257-9FB7-9C36F8B1F616}"
EndProject
Project("{FAE04EC0-301F-11D3-BF4B-00C04F79EFBC}") = "Ai.Utils.Tests", "Ai.Utils.Tests\Ai.Utils.Tests.csproj", "{5BD10957-CC44-4CBE-B75E-D83558597AD2}"
EndProject
Project("{9A19103F-16F7-4668-BE54-9A1E7A4F7556}") = "LLamaSharp", "LLamaSharp\LLama\LLamaSharp.csproj", "{1D29C12B-F608-4CD5-8463-57679C3B5893}"
EndProject
Global
	GlobalSection(SolutionConfigurationPlatforms) = preSolution
		Debug|Any CPU = Debug|Any CPU
		Debug|x64 = Debug|x64
		GPU|Any CPU = GPU|Any CPU
		GPU|x64 = GPU|x64
		Release|Any CPU = Release|Any CPU
		Release|x64 = Release|x64
	EndGlobalSection
	GlobalSection(ProjectConfigurationPlatforms) = postSolution
		{1629C89D-75B1-43D6-A25D-DFA3F157EDC3}.Debug|Any CPU.ActiveCfg = Debug|Any CPU
		{1629C89D-75B1-43D6-A25D-DFA3F157EDC3}.Debug|Any CPU.Build.0 = Debug|Any CPU
		{1629C89D-75B1-43D6-A25D-DFA3F157EDC3}.Debug|x64.ActiveCfg = Debug|Any CPU
		{1629C89D-75B1-43D6-A25D-DFA3F157EDC3}.Debug|x64.Build.0 = Debug|Any CPU
		{1629C89D-75B1-43D6-A25D-DFA3F157EDC3}.GPU|Any CPU.ActiveCfg = Release|Any CPU
		{1629C89D-75B1-43D6-A25D-DFA3F157EDC3}.GPU|Any CPU.Build.0 = Release|Any CPU
		{1629C89D-75B1-43D6-A25D-DFA3F157EDC3}.GPU|x64.ActiveCfg = Release|Any CPU
		{1629C89D-75B1-43D6-A25D-DFA3F157EDC3}.GPU|x64.Build.0 = Release|Any CPU
		{1629C89D-75B1-43D6-A25D-DFA3F157EDC3}.Release|Any CPU.ActiveCfg = Release|Any CPU
		{1629C89D-75B1-43D6-A25D-DFA3F157EDC3}.Release|Any CPU.Build.0 = Release|Any CPU
		{1629C89D-75B1-43D6-A25D-DFA3F157EDC3}.Release|x64.ActiveCfg = Release|Any CPU
		{1629C89D-75B1-43D6-A25D-DFA3F157EDC3}.Release|x64.Build.0 = Release|Any CPU
		{ED934F42-499F-49BA-B79D-5D88EF3DE9DF}.Debug|Any CPU.ActiveCfg = Debug|Any CPU
		{ED934F42-499F-49BA-B79D-5D88EF3DE9DF}.Debug|Any CPU.Build.0 = Debug|Any CPU
		{ED934F42-499F-49BA-B79D-5D88EF3DE9DF}.Debug|x64.ActiveCfg = Debug|Any CPU
		{ED934F42-499F-49BA-B79D-5D88EF3DE9DF}.Debug|x64.Build.0 = Debug|Any CPU
		{ED934F42-499F-49BA-B79D-5D88EF3DE9DF}.GPU|Any CPU.ActiveCfg = Release|Any CPU
		{ED934F42-499F-49BA-B79D-5D88EF3DE9DF}.GPU|Any CPU.Build.0 = Release|Any CPU
		{ED934F42-499F-49BA-B79D-5D88EF3DE9DF}.GPU|x64.ActiveCfg = Release|Any CPU
		{ED934F42-499F-49BA-B79D-5D88EF3DE9DF}.GPU|x64.Build.0 = Release|Any CPU
		{ED934F42-499F-49BA-B79D-5D88EF3DE9DF}.Release|Any CPU.ActiveCfg = Release|Any CPU
		{ED934F42-499F-49BA-B79D-5D88EF3DE9DF}.Release|Any CPU.Build.0 = Release|Any CPU
		{ED934F42-499F-49BA-B79D-5D88EF3DE9DF}.Release|x64.ActiveCfg = Release|Any CPU
		{ED934F42-499F-49BA-B79D-5D88EF3DE9DF}.Release|x64.Build.0 = Release|Any CPU
		{710A2D3B-FC6C-493F-A2AD-4917CC458489}.Debug|Any CPU.ActiveCfg = Debug|Any CPU
		{710A2D3B-FC6C-493F-A2AD-4917CC458489}.Debug|Any CPU.Build.0 = Debug|Any CPU
		{710A2D3B-FC6C-493F-A2AD-4917CC458489}.Debug|x64.ActiveCfg = Debug|Any CPU
		{710A2D3B-FC6C-493F-A2AD-4917CC458489}.Debug|x64.Build.0 = Debug|Any CPU
		{710A2D3B-FC6C-493F-A2AD-4917CC458489}.GPU|Any CPU.ActiveCfg = Release|Any CPU
		{710A2D3B-FC6C-493F-A2AD-4917CC458489}.GPU|Any CPU.Build.0 = Release|Any CPU
		{710A2D3B-FC6C-493F-A2AD-4917CC458489}.GPU|x64.ActiveCfg = Release|Any CPU
		{710A2D3B-FC6C-493F-A2AD-4917CC458489}.GPU|x64.Build.0 = Release|Any CPU
		{710A2D3B-FC6C-493F-A2AD-4917CC458489}.Release|Any CPU.ActiveCfg = Release|Any CPU
		{710A2D3B-FC6C-493F-A2AD-4917CC458489}.Release|Any CPU.Build.0 = Release|Any CPU
		{710A2D3B-FC6C-493F-A2AD-4917CC458489}.Release|x64.ActiveCfg = Release|Any CPU
		{710A2D3B-FC6C-493F-A2AD-4917CC458489}.Release|x64.Build.0 = Release|Any CPU
		{07E7AC65-7299-4869-A323-97F4E8B221A3}.Debug|Any CPU.ActiveCfg = Debug|Any CPU
		{07E7AC65-7299-4869-A323-97F4E8B221A3}.Debug|Any CPU.Build.0 = Debug|Any CPU
		{07E7AC65-7299-4869-A323-97F4E8B221A3}.Debug|x64.ActiveCfg = Debug|Any CPU
		{07E7AC65-7299-4869-A323-97F4E8B221A3}.Debug|x64.Build.0 = Debug|Any CPU
		{07E7AC65-7299-4869-A323-97F4E8B221A3}.GPU|Any CPU.ActiveCfg = Release|Any CPU
		{07E7AC65-7299-4869-A323-97F4E8B221A3}.GPU|Any CPU.Build.0 = Release|Any CPU
		{07E7AC65-7299-4869-A323-97F4E8B221A3}.GPU|x64.ActiveCfg = Release|Any CPU
		{07E7AC65-7299-4869-A323-97F4E8B221A3}.GPU|x64.Build.0 = Release|Any CPU
		{07E7AC65-7299-4869-A323-97F4E8B221A3}.Release|Any CPU.ActiveCfg = Release|Any CPU
		{07E7AC65-7299-4869-A323-97F4E8B221A3}.Release|Any CPU.Build.0 = Release|Any CPU
		{07E7AC65-7299-4869-A323-97F4E8B221A3}.Release|x64.ActiveCfg = Release|Any CPU
		{07E7AC65-7299-4869-A323-97F4E8B221A3}.Release|x64.Build.0 = Release|Any CPU
		{E513C935-E248-413F-B73C-FCE3208C7471}.Debug|Any CPU.ActiveCfg = Debug|Any CPU
		{E513C935-E248-413F-B73C-FCE3208C7471}.Debug|Any CPU.Build.0 = Debug|Any CPU
		{E513C935-E248-413F-B73C-FCE3208C7471}.Debug|x64.ActiveCfg = Debug|Any CPU
		{E513C935-E248-413F-B73C-FCE3208C7471}.Debug|x64.Build.0 = Debug|Any CPU
		{E513C935-E248-413F-B73C-FCE3208C7471}.GPU|Any CPU.ActiveCfg = Release|Any CPU
		{E513C935-E248-413F-B73C-FCE3208C7471}.GPU|Any CPU.Build.0 = Release|Any CPU
		{E513C935-E248-413F-B73C-FCE3208C7471}.GPU|x64.ActiveCfg = Release|Any CPU
		{E513C935-E248-413F-B73C-FCE3208C7471}.GPU|x64.Build.0 = Release|Any CPU
		{E513C935-E248-413F-B73C-FCE3208C7471}.Release|Any CPU.ActiveCfg = Release|Any CPU
		{E513C935-E248-413F-B73C-FCE3208C7471}.Release|Any CPU.Build.0 = Release|Any CPU
		{E513C935-E248-413F-B73C-FCE3208C7471}.Release|x64.ActiveCfg = Release|Any CPU
		{E513C935-E248-413F-B73C-FCE3208C7471}.Release|x64.Build.0 = Release|Any CPU
		{3CA51801-83D5-427F-A4F1-E5C287772716}.Debug|Any CPU.ActiveCfg = Debug|Any CPU
		{3CA51801-83D5-427F-A4F1-E5C287772716}.Debug|Any CPU.Build.0 = Debug|Any CPU
		{3CA51801-83D5-427F-A4F1-E5C287772716}.Debug|x64.ActiveCfg = Debug|Any CPU
		{3CA51801-83D5-427F-A4F1-E5C287772716}.Debug|x64.Build.0 = Debug|Any CPU
		{3CA51801-83D5-427F-A4F1-E5C287772716}.GPU|Any CPU.ActiveCfg = Release|Any CPU
		{3CA51801-83D5-427F-A4F1-E5C287772716}.GPU|Any CPU.Build.0 = Release|Any CPU
		{3CA51801-83D5-427F-A4F1-E5C287772716}.GPU|x64.ActiveCfg = Release|Any CPU
		{3CA51801-83D5-427F-A4F1-E5C287772716}.GPU|x64.Build.0 = Release|Any CPU
		{3CA51801-83D5-427F-A4F1-E5C287772716}.Release|Any CPU.ActiveCfg = Release|Any CPU
		{3CA51801-83D5-427F-A4F1-E5C287772716}.Release|Any CPU.Build.0 = Release|Any CPU
		{3CA51801-83D5-427F-A4F1-E5C287772716}.Release|x64.ActiveCfg = Release|Any CPU
		{3CA51801-83D5-427F-A4F1-E5C287772716}.Release|x64.Build.0 = Release|Any CPU
		{CB2A94D9-E3ED-4CCC-BB76-C60E72CB9D46}.Debug|Any CPU.ActiveCfg = Debug|Any CPU
		{CB2A94D9-E3ED-4CCC-BB76-C60E72CB9D46}.Debug|Any CPU.Build.0 = Debug|Any CPU
		{CB2A94D9-E3ED-4CCC-BB76-C60E72CB9D46}.Debug|x64.ActiveCfg = Debug|Any CPU
		{CB2A94D9-E3ED-4CCC-BB76-C60E72CB9D46}.Debug|x64.Build.0 = Debug|Any CPU
		{CB2A94D9-E3ED-4CCC-BB76-C60E72CB9D46}.GPU|Any CPU.ActiveCfg = Release|Any CPU
		{CB2A94D9-E3ED-4CCC-BB76-C60E72CB9D46}.GPU|Any CPU.Build.0 = Release|Any CPU
		{CB2A94D9-E3ED-4CCC-BB76-C60E72CB9D46}.GPU|x64.ActiveCfg = Release|Any CPU
		{CB2A94D9-E3ED-4CCC-BB76-C60E72CB9D46}.GPU|x64.Build.0 = Release|Any CPU
		{CB2A94D9-E3ED-4CCC-BB76-C60E72CB9D46}.Release|Any CPU.ActiveCfg = Release|Any CPU
		{CB2A94D9-E3ED-4CCC-BB76-C60E72CB9D46}.Release|Any CPU.Build.0 = Release|Any CPU
		{CB2A94D9-E3ED-4CCC-BB76-C60E72CB9D46}.Release|x64.ActiveCfg = Release|Any CPU
		{CB2A94D9-E3ED-4CCC-BB76-C60E72CB9D46}.Release|x64.Build.0 = Release|Any CPU
		{046DBC8E-FE68-4D88-A7BD-6CEC71D303DA}.Debug|Any CPU.ActiveCfg = Debug|Any CPU
		{046DBC8E-FE68-4D88-A7BD-6CEC71D303DA}.Debug|Any CPU.Build.0 = Debug|Any CPU
		{046DBC8E-FE68-4D88-A7BD-6CEC71D303DA}.Debug|x64.ActiveCfg = Debug|Any CPU
		{046DBC8E-FE68-4D88-A7BD-6CEC71D303DA}.Debug|x64.Build.0 = Debug|Any CPU
		{046DBC8E-FE68-4D88-A7BD-6CEC71D303DA}.GPU|Any CPU.ActiveCfg = Release|Any CPU
		{046DBC8E-FE68-4D88-A7BD-6CEC71D303DA}.GPU|Any CPU.Build.0 = Release|Any CPU
		{046DBC8E-FE68-4D88-A7BD-6CEC71D303DA}.GPU|x64.ActiveCfg = Release|Any CPU
		{046DBC8E-FE68-4D88-A7BD-6CEC71D303DA}.GPU|x64.Build.0 = Release|Any CPU
		{046DBC8E-FE68-4D88-A7BD-6CEC71D303DA}.Release|Any CPU.ActiveCfg = Release|Any CPU
		{046DBC8E-FE68-4D88-A7BD-6CEC71D303DA}.Release|Any CPU.Build.0 = Release|Any CPU
		{046DBC8E-FE68-4D88-A7BD-6CEC71D303DA}.Release|x64.ActiveCfg = Release|Any CPU
		{046DBC8E-FE68-4D88-A7BD-6CEC71D303DA}.Release|x64.Build.0 = Release|Any CPU
		{D95D7898-A9EC-41B5-9FEB-7C475CDA5E73}.Debug|Any CPU.ActiveCfg = Debug|Any CPU
		{D95D7898-A9EC-41B5-9FEB-7C475CDA5E73}.Debug|Any CPU.Build.0 = Debug|Any CPU
		{D95D7898-A9EC-41B5-9FEB-7C475CDA5E73}.Debug|x64.ActiveCfg = Debug|Any CPU
		{D95D7898-A9EC-41B5-9FEB-7C475CDA5E73}.Debug|x64.Build.0 = Debug|Any CPU
		{D95D7898-A9EC-41B5-9FEB-7C475CDA5E73}.GPU|Any CPU.ActiveCfg = Release|Any CPU
		{D95D7898-A9EC-41B5-9FEB-7C475CDA5E73}.GPU|Any CPU.Build.0 = Release|Any CPU
		{D95D7898-A9EC-41B5-9FEB-7C475CDA5E73}.GPU|x64.ActiveCfg = Release|Any CPU
		{D95D7898-A9EC-41B5-9FEB-7C475CDA5E73}.GPU|x64.Build.0 = Release|Any CPU
		{D95D7898-A9EC-41B5-9FEB-7C475CDA5E73}.Release|Any CPU.ActiveCfg = Release|Any CPU
		{D95D7898-A9EC-41B5-9FEB-7C475CDA5E73}.Release|Any CPU.Build.0 = Release|Any CPU
		{D95D7898-A9EC-41B5-9FEB-7C475CDA5E73}.Release|x64.ActiveCfg = Release|Any CPU
		{D95D7898-A9EC-41B5-9FEB-7C475CDA5E73}.Release|x64.Build.0 = Release|Any CPU
		{EA0F72C0-9957-45DB-ACC6-3B748B84F9C3}.Debug|Any CPU.ActiveCfg = Debug|Any CPU
		{EA0F72C0-9957-45DB-ACC6-3B748B84F9C3}.Debug|Any CPU.Build.0 = Debug|Any CPU
		{EA0F72C0-9957-45DB-ACC6-3B748B84F9C3}.Debug|x64.ActiveCfg = Debug|Any CPU
		{EA0F72C0-9957-45DB-ACC6-3B748B84F9C3}.Debug|x64.Build.0 = Debug|Any CPU
		{EA0F72C0-9957-45DB-ACC6-3B748B84F9C3}.GPU|Any CPU.ActiveCfg = Release|Any CPU
		{EA0F72C0-9957-45DB-ACC6-3B748B84F9C3}.GPU|Any CPU.Build.0 = Release|Any CPU
		{EA0F72C0-9957-45DB-ACC6-3B748B84F9C3}.GPU|x64.ActiveCfg = Release|Any CPU
		{EA0F72C0-9957-45DB-ACC6-3B748B84F9C3}.GPU|x64.Build.0 = Release|Any CPU
		{EA0F72C0-9957-45DB-ACC6-3B748B84F9C3}.Release|Any CPU.ActiveCfg = Release|Any CPU
		{EA0F72C0-9957-45DB-ACC6-3B748B84F9C3}.Release|Any CPU.Build.0 = Release|Any CPU
		{EA0F72C0-9957-45DB-ACC6-3B748B84F9C3}.Release|x64.ActiveCfg = Release|Any CPU
		{EA0F72C0-9957-45DB-ACC6-3B748B84F9C3}.Release|x64.Build.0 = Release|Any CPU
		{A4F7E119-6CA9-4D32-AC68-AA020642CFDF}.Debug|Any CPU.ActiveCfg = Debug|Any CPU
		{A4F7E119-6CA9-4D32-AC68-AA020642CFDF}.Debug|Any CPU.Build.0 = Debug|Any CPU
		{A4F7E119-6CA9-4D32-AC68-AA020642CFDF}.Debug|x64.ActiveCfg = Debug|Any CPU
		{A4F7E119-6CA9-4D32-AC68-AA020642CFDF}.Debug|x64.Build.0 = Debug|Any CPU
		{A4F7E119-6CA9-4D32-AC68-AA020642CFDF}.GPU|Any CPU.ActiveCfg = Release|Any CPU
		{A4F7E119-6CA9-4D32-AC68-AA020642CFDF}.GPU|Any CPU.Build.0 = Release|Any CPU
		{A4F7E119-6CA9-4D32-AC68-AA020642CFDF}.GPU|x64.ActiveCfg = Release|Any CPU
		{A4F7E119-6CA9-4D32-AC68-AA020642CFDF}.GPU|x64.Build.0 = Release|Any CPU
		{A4F7E119-6CA9-4D32-AC68-AA020642CFDF}.Release|Any CPU.ActiveCfg = Release|Any CPU
		{A4F7E119-6CA9-4D32-AC68-AA020642CFDF}.Release|Any CPU.Build.0 = Release|Any CPU
		{A4F7E119-6CA9-4D32-AC68-AA020642CFDF}.Release|x64.ActiveCfg = Release|Any CPU
		{A4F7E119-6CA9-4D32-AC68-AA020642CFDF}.Release|x64.Build.0 = Release|Any CPU
		{9DE0945D-7929-4F6D-847B-D91CB739A089}.Debug|Any CPU.ActiveCfg = Debug|Any CPU
		{9DE0945D-7929-4F6D-847B-D91CB739A089}.Debug|Any CPU.Build.0 = Debug|Any CPU
		{9DE0945D-7929-4F6D-847B-D91CB739A089}.Debug|x64.ActiveCfg = Debug|Any CPU
		{9DE0945D-7929-4F6D-847B-D91CB739A089}.Debug|x64.Build.0 = Debug|Any CPU
		{9DE0945D-7929-4F6D-847B-D91CB739A089}.GPU|Any CPU.ActiveCfg = Release|Any CPU
		{9DE0945D-7929-4F6D-847B-D91CB739A089}.GPU|Any CPU.Build.0 = Release|Any CPU
		{9DE0945D-7929-4F6D-847B-D91CB739A089}.GPU|x64.ActiveCfg = Release|Any CPU
		{9DE0945D-7929-4F6D-847B-D91CB739A089}.GPU|x64.Build.0 = Release|Any CPU
		{9DE0945D-7929-4F6D-847B-D91CB739A089}.Release|Any CPU.ActiveCfg = Release|Any CPU
		{9DE0945D-7929-4F6D-847B-D91CB739A089}.Release|Any CPU.Build.0 = Release|Any CPU
		{9DE0945D-7929-4F6D-847B-D91CB739A089}.Release|x64.ActiveCfg = Release|Any CPU
		{9DE0945D-7929-4F6D-847B-D91CB739A089}.Release|x64.Build.0 = Release|Any CPU
		{6362656D-A3D4-4830-9707-C1CF2AD7AAF9}.Debug|Any CPU.ActiveCfg = Debug|Any CPU
		{6362656D-A3D4-4830-9707-C1CF2AD7AAF9}.Debug|Any CPU.Build.0 = Debug|Any CPU
		{6362656D-A3D4-4830-9707-C1CF2AD7AAF9}.Debug|x64.ActiveCfg = Debug|Any CPU
		{6362656D-A3D4-4830-9707-C1CF2AD7AAF9}.Debug|x64.Build.0 = Debug|Any CPU
		{6362656D-A3D4-4830-9707-C1CF2AD7AAF9}.GPU|Any CPU.ActiveCfg = Release|Any CPU
		{6362656D-A3D4-4830-9707-C1CF2AD7AAF9}.GPU|Any CPU.Build.0 = Release|Any CPU
		{6362656D-A3D4-4830-9707-C1CF2AD7AAF9}.GPU|x64.ActiveCfg = Release|Any CPU
		{6362656D-A3D4-4830-9707-C1CF2AD7AAF9}.GPU|x64.Build.0 = Release|Any CPU
		{6362656D-A3D4-4830-9707-C1CF2AD7AAF9}.Release|Any CPU.ActiveCfg = Release|Any CPU
		{6362656D-A3D4-4830-9707-C1CF2AD7AAF9}.Release|Any CPU.Build.0 = Release|Any CPU
		{6362656D-A3D4-4830-9707-C1CF2AD7AAF9}.Release|x64.ActiveCfg = Release|Any CPU
		{6362656D-A3D4-4830-9707-C1CF2AD7AAF9}.Release|x64.Build.0 = Release|Any CPU
		{0B7ADA3E-8FBC-49CD-AE78-B219089EE975}.Debug|Any CPU.ActiveCfg = Debug|Any CPU
		{0B7ADA3E-8FBC-49CD-AE78-B219089EE975}.Debug|Any CPU.Build.0 = Debug|Any CPU
		{0B7ADA3E-8FBC-49CD-AE78-B219089EE975}.Debug|x64.ActiveCfg = Debug|Any CPU
		{0B7ADA3E-8FBC-49CD-AE78-B219089EE975}.Debug|x64.Build.0 = Debug|Any CPU
		{0B7ADA3E-8FBC-49CD-AE78-B219089EE975}.GPU|Any CPU.ActiveCfg = Release|Any CPU
		{0B7ADA3E-8FBC-49CD-AE78-B219089EE975}.GPU|Any CPU.Build.0 = Release|Any CPU
		{0B7ADA3E-8FBC-49CD-AE78-B219089EE975}.GPU|x64.ActiveCfg = Release|Any CPU
		{0B7ADA3E-8FBC-49CD-AE78-B219089EE975}.GPU|x64.Build.0 = Release|Any CPU
		{0B7ADA3E-8FBC-49CD-AE78-B219089EE975}.Release|Any CPU.ActiveCfg = Release|Any CPU
		{0B7ADA3E-8FBC-49CD-AE78-B219089EE975}.Release|Any CPU.Build.0 = Release|Any CPU
		{0B7ADA3E-8FBC-49CD-AE78-B219089EE975}.Release|x64.ActiveCfg = Release|Any CPU
		{0B7ADA3E-8FBC-49CD-AE78-B219089EE975}.Release|x64.Build.0 = Release|Any CPU
		{1200BA5D-BE4D-4DDA-9CA3-F6EB154B63EB}.Debug|Any CPU.ActiveCfg = Debug|Any CPU
		{1200BA5D-BE4D-4DDA-9CA3-F6EB154B63EB}.Debug|Any CPU.Build.0 = Debug|Any CPU
		{1200BA5D-BE4D-4DDA-9CA3-F6EB154B63EB}.Debug|x64.ActiveCfg = Debug|Any CPU
		{1200BA5D-BE4D-4DDA-9CA3-F6EB154B63EB}.Debug|x64.Build.0 = Debug|Any CPU
		{1200BA5D-BE4D-4DDA-9CA3-F6EB154B63EB}.GPU|Any CPU.ActiveCfg = Release|Any CPU
		{1200BA5D-BE4D-4DDA-9CA3-F6EB154B63EB}.GPU|Any CPU.Build.0 = Release|Any CPU
		{1200BA5D-BE4D-4DDA-9CA3-F6EB154B63EB}.GPU|x64.ActiveCfg = Release|Any CPU
		{1200BA5D-BE4D-4DDA-9CA3-F6EB154B63EB}.GPU|x64.Build.0 = Release|Any CPU
		{1200BA5D-BE4D-4DDA-9CA3-F6EB154B63EB}.Release|Any CPU.ActiveCfg = Release|Any CPU
		{1200BA5D-BE4D-4DDA-9CA3-F6EB154B63EB}.Release|Any CPU.Build.0 = Release|Any CPU
		{1200BA5D-BE4D-4DDA-9CA3-F6EB154B63EB}.Release|x64.ActiveCfg = Release|Any CPU
		{1200BA5D-BE4D-4DDA-9CA3-F6EB154B63EB}.Release|x64.Build.0 = Release|Any CPU
		{FBDA5CD3-A2F7-4EC9-8E0F-4EBB225C5EB1}.Debug|Any CPU.ActiveCfg = Debug|Any CPU
		{FBDA5CD3-A2F7-4EC9-8E0F-4EBB225C5EB1}.Debug|Any CPU.Build.0 = Debug|Any CPU
		{FBDA5CD3-A2F7-4EC9-8E0F-4EBB225C5EB1}.Debug|x64.ActiveCfg = Debug|Any CPU
		{FBDA5CD3-A2F7-4EC9-8E0F-4EBB225C5EB1}.Debug|x64.Build.0 = Debug|Any CPU
		{FBDA5CD3-A2F7-4EC9-8E0F-4EBB225C5EB1}.GPU|Any CPU.ActiveCfg = Release|Any CPU
		{FBDA5CD3-A2F7-4EC9-8E0F-4EBB225C5EB1}.GPU|Any CPU.Build.0 = Release|Any CPU
		{FBDA5CD3-A2F7-4EC9-8E0F-4EBB225C5EB1}.GPU|x64.ActiveCfg = Release|Any CPU
		{FBDA5CD3-A2F7-4EC9-8E0F-4EBB225C5EB1}.GPU|x64.Build.0 = Release|Any CPU
		{FBDA5CD3-A2F7-4EC9-8E0F-4EBB225C5EB1}.Release|Any CPU.ActiveCfg = Release|Any CPU
		{FBDA5CD3-A2F7-4EC9-8E0F-4EBB225C5EB1}.Release|Any CPU.Build.0 = Release|Any CPU
		{FBDA5CD3-A2F7-4EC9-8E0F-4EBB225C5EB1}.Release|x64.ActiveCfg = Release|Any CPU
		{FBDA5CD3-A2F7-4EC9-8E0F-4EBB225C5EB1}.Release|x64.Build.0 = Release|Any CPU
		{5BD10957-CC44-4CBE-B75E-D83558597AD2}.Debug|Any CPU.ActiveCfg = Debug|Any CPU
		{5BD10957-CC44-4CBE-B75E-D83558597AD2}.Debug|Any CPU.Build.0 = Debug|Any CPU
		{5BD10957-CC44-4CBE-B75E-D83558597AD2}.Debug|x64.ActiveCfg = Debug|Any CPU
		{5BD10957-CC44-4CBE-B75E-D83558597AD2}.Debug|x64.Build.0 = Debug|Any CPU
		{5BD10957-CC44-4CBE-B75E-D83558597AD2}.GPU|Any CPU.ActiveCfg = Debug|Any CPU
		{5BD10957-CC44-4CBE-B75E-D83558597AD2}.GPU|Any CPU.Build.0 = Debug|Any CPU
		{5BD10957-CC44-4CBE-B75E-D83558597AD2}.GPU|x64.ActiveCfg = Debug|Any CPU
		{5BD10957-CC44-4CBE-B75E-D83558597AD2}.GPU|x64.Build.0 = Debug|Any CPU
		{5BD10957-CC44-4CBE-B75E-D83558597AD2}.Release|Any CPU.ActiveCfg = Release|Any CPU
		{5BD10957-CC44-4CBE-B75E-D83558597AD2}.Release|Any CPU.Build.0 = Release|Any CPU
		{5BD10957-CC44-4CBE-B75E-D83558597AD2}.Release|x64.ActiveCfg = Release|Any CPU
		{5BD10957-CC44-4CBE-B75E-D83558597AD2}.Release|x64.Build.0 = Release|Any CPU
		{1D29C12B-F608-4CD5-8463-57679C3B5893}.Debug|Any CPU.ActiveCfg = Debug|Any CPU
		{1D29C12B-F608-4CD5-8463-57679C3B5893}.Debug|Any CPU.Build.0 = Debug|Any CPU
		{1D29C12B-F608-4CD5-8463-57679C3B5893}.Debug|x64.ActiveCfg = Debug|x64
		{1D29C12B-F608-4CD5-8463-57679C3B5893}.Debug|x64.Build.0 = Debug|x64
		{1D29C12B-F608-4CD5-8463-57679C3B5893}.GPU|Any CPU.ActiveCfg = GPU|Any CPU
		{1D29C12B-F608-4CD5-8463-57679C3B5893}.GPU|Any CPU.Build.0 = GPU|Any CPU
		{1D29C12B-F608-4CD5-8463-57679C3B5893}.GPU|x64.ActiveCfg = GPU|x64
		{1D29C12B-F608-4CD5-8463-57679C3B5893}.GPU|x64.Build.0 = GPU|x64
		{1D29C12B-F608-4CD5-8463-57679C3B5893}.Release|Any CPU.ActiveCfg = Release|Any CPU
		{1D29C12B-F608-4CD5-8463-57679C3B5893}.Release|Any CPU.Build.0 = Release|Any CPU
		{1D29C12B-F608-4CD5-8463-57679C3B5893}.Release|x64.ActiveCfg = Release|x64
		{1D29C12B-F608-4CD5-8463-57679C3B5893}.Release|x64.Build.0 = Release|x64
	EndGlobalSection
	GlobalSection(SolutionProperties) = preSolution
		HideSolutionNode = FALSE
	EndGlobalSection
	GlobalSection(NestedProjects) = preSolution
		{1629C89D-75B1-43D6-A25D-DFA3F157EDC3} = {8563AC6B-ECDE-4AA7-B607-2F87C6FBD66C}
		{ED934F42-499F-49BA-B79D-5D88EF3DE9DF} = {7EDE0EA4-501B-4AF7-9222-E97B0C24EC9E}
		{710A2D3B-FC6C-493F-A2AD-4917CC458489} = {26594871-CD35-4B02-BD11-4B7B193ED6F7}
		{07E7AC65-7299-4869-A323-97F4E8B221A3} = {62EFA0EA-9EBD-45D4-9D46-CBC5947D60A1}
		{3CA51801-83D5-427F-A4F1-E5C287772716} = {E8F3C002-9C20-430F-8222-6CEA1E633972}
		{970533A1-0A88-48AE-8243-CC353B72DA8E} = {95C729CD-3E84-44B1-A4A7-658CB379C8CD}
		{CB2A94D9-E3ED-4CCC-BB76-C60E72CB9D46} = {26594871-CD35-4B02-BD11-4B7B193ED6F7}
		{046DBC8E-FE68-4D88-A7BD-6CEC71D303DA} = {26594871-CD35-4B02-BD11-4B7B193ED6F7}
		{62EFA0EA-9EBD-45D4-9D46-CBC5947D60A1} = {22FAEB4A-0962-4F18-9856-A39E7649C88F}
		{E8F3C002-9C20-430F-8222-6CEA1E633972} = {22FAEB4A-0962-4F18-9856-A39E7649C88F}
		{7EDE0EA4-501B-4AF7-9222-E97B0C24EC9E} = {95C729CD-3E84-44B1-A4A7-658CB379C8CD}
		{8563AC6B-ECDE-4AA7-B607-2F87C6FBD66C} = {22FAEB4A-0962-4F18-9856-A39E7649C88F}
		{A4F7E119-6CA9-4D32-AC68-AA020642CFDF} = {E8F3C002-9C20-430F-8222-6CEA1E633972}
		{6362656D-A3D4-4830-9707-C1CF2AD7AAF9} = {62EFA0EA-9EBD-45D4-9D46-CBC5947D60A1}
		{26594871-CD35-4B02-BD11-4B7B193ED6F7} = {970533A1-0A88-48AE-8243-CC353B72DA8E}
		{A9E6A92B-957B-4CC4-8620-5A2FA98A6CDB} = {970533A1-0A88-48AE-8243-CC353B72DA8E}
		{0B7ADA3E-8FBC-49CD-AE78-B219089EE975} = {A9E6A92B-957B-4CC4-8620-5A2FA98A6CDB}
		{1200BA5D-BE4D-4DDA-9CA3-F6EB154B63EB} = {A9E6A92B-957B-4CC4-8620-5A2FA98A6CDB}
		{FBDA5CD3-A2F7-4EC9-8E0F-4EBB225C5EB1} = {A9E6A92B-957B-4CC4-8620-5A2FA98A6CDB}
		{5BD10957-CC44-4CBE-B75E-D83558597AD2} = {952D77C7-F26C-4257-9FB7-9C36F8B1F616}
	EndGlobalSection
	GlobalSection(ExtensibilityGlobals) = postSolution
		SolutionGuid = {6DDEBBAD-C00A-4E03-96BC-F303ACD9A4DC}
	EndGlobalSection
EndGlobal
