
Microsoft Visual Studio Solution File, Format Version 12.00
# Visual Studio Version 17
VisualStudioVersion = 17.5.33627.172
MinimumVisualStudioVersion = 10.0.40219.1
Project("{2150E333-8FDC-42A3-9474-1A3956D46DE8}") = "Llama", "Llama", "{22FAEB4A-0962-4F18-9856-A39E7649C88F}"
EndProject
Project("{2150E333-8FDC-42A3-9474-1A3956D46DE8}") = "Blip", "Blip", "{82BFD4B4-EF96-48AD-AA2F-728D51550F7C}"
EndProject
Project("{9A19103F-16F7-4668-BE54-9A1E7A4F7556}") = "ChieApiClient", "Chie\ChieApiClient\ChieApiClient.csproj", "{1E64284E-89E1-4C6F-AF8E-DFB2877C7DB8}"
EndProject
Project("{9A19103F-16F7-4668-BE54-9A1E7A4F7556}") = "ChieApi.Shared", "Chie\ChieApi.Shared\ChieApi.Shared.csproj", "{859EE28B-BEEE-41CA-B42D-5535E28D562C}"
EndProject
Project("{9A19103F-16F7-4668-BE54-9A1E7A4F7556}") = "ChieApi", "Chie\ChieApi\ChieApi.csproj", "{3A57E51F-590A-421E-BEE4-5025DC22336F}"
EndProject
Project("{2150E333-8FDC-42A3-9474-1A3956D46DE8}") = "Utils", "Utils", "{026C64E5-BB88-4CBB-92B0-D01E10F08A1E}"
EndProject
Project("{9A19103F-16F7-4668-BE54-9A1E7A4F7556}") = "Ai.Utils", "Utils\Ai.Utils\Ai.Utils.csproj", "{2F6E7786-9E20-41A3-BC88-B333EAA21F0B}"
EndProject
Project("{9A19103F-16F7-4668-BE54-9A1E7A4F7556}") = "Ai.Abstractions", "Utils\Ai.Abstractions\Ai.Abstractions.csproj", "{9D1B6CAE-4B99-4074-8016-F52DF0CE0847}"
EndProject
Project("{9A19103F-16F7-4668-BE54-9A1E7A4F7556}") = "Blip.Shared", "Blip\Blip.Shared\Blip.Shared.csproj", "{692D333A-AD56-41B2-85CE-02B7B55E4702}"
EndProject
Project("{9A19103F-16F7-4668-BE54-9A1E7A4F7556}") = "BlipApiClient", "Blip\BlipApiClient\BlipApiClient.csproj", "{B10BAD6B-E400-4B40-B213-0845C4AFFE85}"
EndProject
Project("{2150E333-8FDC-42A3-9474-1A3956D46DE8}") = "Logging", "Logging", "{B89C201C-0655-4D69-AE93-6D22FBA777F3}"
EndProject
Project("{9A19103F-16F7-4668-BE54-9A1E7A4F7556}") = "LoggingApiClient", "Logging\LoggingApiClient\LoggingApiClient.csproj", "{1AE34E72-1149-4D8D-8149-69A88E5CA604}"
EndProject
Project("{9A19103F-16F7-4668-BE54-9A1E7A4F7556}") = "Logging.Shared", "Logging\Logging.Shared\Logging.Shared.csproj", "{0BAC05D6-827B-4EB5-BE6B-0078FE4AB679}"
EndProject
Project("{9A19103F-16F7-4668-BE54-9A1E7A4F7556}") = "LlamaApi.Shared", "Llama\LlamaApi.Shared\LlamaApi.Shared.csproj", "{383524B4-A591-4E6F-8BD1-C9739655D9B5}"
EndProject
Project("{9A19103F-16F7-4668-BE54-9A1E7A4F7556}") = "LlamaApiClient", "Llama\LlamaApiClient\LlamaApiClient.csproj", "{96A10E49-2977-4433-B3DF-4D3B90C61BA5}"
EndProject
Project("{9A19103F-16F7-4668-BE54-9A1E7A4F7556}") = "Llama.Data", "Llama\Llama.Data\Llama.Data.csproj", "{FA8EAC23-F90C-4CA6-8D9C-E99D5587EB86}"
EndProject
Project("{9A19103F-16F7-4668-BE54-9A1E7A4F7556}") = "Loxifi.AsyncExtensions", "Utils\Loxifi.AsyncExtensions\Loxifi.AsyncExtensions.csproj", "{C7A9D899-CEEC-47FA-B551-B438E1051828}"
EndProject
Project("{2150E333-8FDC-42A3-9474-1A3956D46DE8}") = "Summary", "Summary", "{25776C1D-7FF3-41AF-AEFC-55C53CE63E81}"
EndProject
Project("{9A19103F-16F7-4668-BE54-9A1E7A4F7556}") = "SummaryApiClient", "Summary\SummaryApiClient\SummaryApiClient.csproj", "{8E059D05-C09D-45AB-AC22-8E37AF386713}"
EndProject
Project("{9A19103F-16F7-4668-BE54-9A1E7A4F7556}") = "SummaryApi.Shared", "Summary\SummaryApi.Shared\SummaryApi.Shared.csproj", "{0E19F87C-E560-45AC-A532-92C9538D1B41}"
EndProject
Project("{9A19103F-16F7-4668-BE54-9A1E7A4F7556}") = "Loxifi.Database", "Y:\Git\Loxifi.Database\Loxifi.Database.csproj", "{2896C33B-5C7B-46F7-904E-BE3506690684}"
EndProject
Project("{9A19103F-16F7-4668-BE54-9A1E7A4F7556}") = "ContextStateBrowser", "ContextStateBrowser\ContextStateBrowser.csproj", "{8BDC2F57-0041-4423-AE53-E7E701D13438}"
EndProject
Project("{9A19103F-16F7-4668-BE54-9A1E7A4F7556}") = "Loxifi.TypeFactory", "..\..\Penguin\Repositories\Loxifi\Loxifi.TypeFactory\Loxifi.TypeFactory.csproj", "{46C07DC3-31DB-4E26-9CBC-88A88E8F4555}"
EndProject
Global
	GlobalSection(SolutionConfigurationPlatforms) = preSolution
		Debug|Any CPU = Debug|Any CPU
		Debug|x64 = Debug|x64
		GPU|Any CPU = GPU|Any CPU
		GPU|x64 = GPU|x64
		Release|Any CPU = Release|Any CPU
		Release|x64 = Release|x64
	EndGlobalSection
	GlobalSection(ProjectConfigurationPlatforms) = postSolution
		{1E64284E-89E1-4C6F-AF8E-DFB2877C7DB8}.Debug|Any CPU.ActiveCfg = Debug|Any CPU
		{1E64284E-89E1-4C6F-AF8E-DFB2877C7DB8}.Debug|Any CPU.Build.0 = Debug|Any CPU
		{1E64284E-89E1-4C6F-AF8E-DFB2877C7DB8}.Debug|x64.ActiveCfg = Debug|Any CPU
		{1E64284E-89E1-4C6F-AF8E-DFB2877C7DB8}.Debug|x64.Build.0 = Debug|Any CPU
		{1E64284E-89E1-4C6F-AF8E-DFB2877C7DB8}.GPU|Any CPU.ActiveCfg = Debug|Any CPU
		{1E64284E-89E1-4C6F-AF8E-DFB2877C7DB8}.GPU|Any CPU.Build.0 = Debug|Any CPU
		{1E64284E-89E1-4C6F-AF8E-DFB2877C7DB8}.GPU|x64.ActiveCfg = Debug|Any CPU
		{1E64284E-89E1-4C6F-AF8E-DFB2877C7DB8}.GPU|x64.Build.0 = Debug|Any CPU
		{1E64284E-89E1-4C6F-AF8E-DFB2877C7DB8}.Release|Any CPU.ActiveCfg = Release|Any CPU
		{1E64284E-89E1-4C6F-AF8E-DFB2877C7DB8}.Release|Any CPU.Build.0 = Release|Any CPU
		{1E64284E-89E1-4C6F-AF8E-DFB2877C7DB8}.Release|x64.ActiveCfg = Release|Any CPU
		{1E64284E-89E1-4C6F-AF8E-DFB2877C7DB8}.Release|x64.Build.0 = Release|Any CPU
		{859EE28B-BEEE-41CA-B42D-5535E28D562C}.Debug|Any CPU.ActiveCfg = Debug|Any CPU
		{859EE28B-BEEE-41CA-B42D-5535E28D562C}.Debug|Any CPU.Build.0 = Debug|Any CPU
		{859EE28B-BEEE-41CA-B42D-5535E28D562C}.Debug|x64.ActiveCfg = Debug|Any CPU
		{859EE28B-BEEE-41CA-B42D-5535E28D562C}.Debug|x64.Build.0 = Debug|Any CPU
		{859EE28B-BEEE-41CA-B42D-5535E28D562C}.GPU|Any CPU.ActiveCfg = Debug|Any CPU
		{859EE28B-BEEE-41CA-B42D-5535E28D562C}.GPU|Any CPU.Build.0 = Debug|Any CPU
		{859EE28B-BEEE-41CA-B42D-5535E28D562C}.GPU|x64.ActiveCfg = Debug|Any CPU
		{859EE28B-BEEE-41CA-B42D-5535E28D562C}.GPU|x64.Build.0 = Debug|Any CPU
		{859EE28B-BEEE-41CA-B42D-5535E28D562C}.Release|Any CPU.ActiveCfg = Release|Any CPU
		{859EE28B-BEEE-41CA-B42D-5535E28D562C}.Release|Any CPU.Build.0 = Release|Any CPU
		{859EE28B-BEEE-41CA-B42D-5535E28D562C}.Release|x64.ActiveCfg = Release|Any CPU
		{859EE28B-BEEE-41CA-B42D-5535E28D562C}.Release|x64.Build.0 = Release|Any CPU
		{3A57E51F-590A-421E-BEE4-5025DC22336F}.Debug|Any CPU.ActiveCfg = Debug|Any CPU
		{3A57E51F-590A-421E-BEE4-5025DC22336F}.Debug|Any CPU.Build.0 = Debug|Any CPU
		{3A57E51F-590A-421E-BEE4-5025DC22336F}.Debug|x64.ActiveCfg = Debug|Any CPU
		{3A57E51F-590A-421E-BEE4-5025DC22336F}.Debug|x64.Build.0 = Debug|Any CPU
		{3A57E51F-590A-421E-BEE4-5025DC22336F}.GPU|Any CPU.ActiveCfg = Debug|Any CPU
		{3A57E51F-590A-421E-BEE4-5025DC22336F}.GPU|Any CPU.Build.0 = Debug|Any CPU
		{3A57E51F-590A-421E-BEE4-5025DC22336F}.GPU|x64.ActiveCfg = Debug|Any CPU
		{3A57E51F-590A-421E-BEE4-5025DC22336F}.GPU|x64.Build.0 = Debug|Any CPU
		{3A57E51F-590A-421E-BEE4-5025DC22336F}.Release|Any CPU.ActiveCfg = Release|Any CPU
		{3A57E51F-590A-421E-BEE4-5025DC22336F}.Release|Any CPU.Build.0 = Release|Any CPU
		{3A57E51F-590A-421E-BEE4-5025DC22336F}.Release|x64.ActiveCfg = Release|Any CPU
		{3A57E51F-590A-421E-BEE4-5025DC22336F}.Release|x64.Build.0 = Release|Any CPU
		{2F6E7786-9E20-41A3-BC88-B333EAA21F0B}.Debug|Any CPU.ActiveCfg = Debug|Any CPU
		{2F6E7786-9E20-41A3-BC88-B333EAA21F0B}.Debug|Any CPU.Build.0 = Debug|Any CPU
		{2F6E7786-9E20-41A3-BC88-B333EAA21F0B}.Debug|x64.ActiveCfg = Debug|Any CPU
		{2F6E7786-9E20-41A3-BC88-B333EAA21F0B}.Debug|x64.Build.0 = Debug|Any CPU
		{2F6E7786-9E20-41A3-BC88-B333EAA21F0B}.GPU|Any CPU.ActiveCfg = Debug|Any CPU
		{2F6E7786-9E20-41A3-BC88-B333EAA21F0B}.GPU|Any CPU.Build.0 = Debug|Any CPU
		{2F6E7786-9E20-41A3-BC88-B333EAA21F0B}.GPU|x64.ActiveCfg = Debug|Any CPU
		{2F6E7786-9E20-41A3-BC88-B333EAA21F0B}.GPU|x64.Build.0 = Debug|Any CPU
		{2F6E7786-9E20-41A3-BC88-B333EAA21F0B}.Release|Any CPU.ActiveCfg = Release|Any CPU
		{2F6E7786-9E20-41A3-BC88-B333EAA21F0B}.Release|Any CPU.Build.0 = Release|Any CPU
		{2F6E7786-9E20-41A3-BC88-B333EAA21F0B}.Release|x64.ActiveCfg = Release|Any CPU
		{2F6E7786-9E20-41A3-BC88-B333EAA21F0B}.Release|x64.Build.0 = Release|Any CPU
		{9D1B6CAE-4B99-4074-8016-F52DF0CE0847}.Debug|Any CPU.ActiveCfg = Debug|Any CPU
		{9D1B6CAE-4B99-4074-8016-F52DF0CE0847}.Debug|Any CPU.Build.0 = Debug|Any CPU
		{9D1B6CAE-4B99-4074-8016-F52DF0CE0847}.Debug|x64.ActiveCfg = Debug|Any CPU
		{9D1B6CAE-4B99-4074-8016-F52DF0CE0847}.Debug|x64.Build.0 = Debug|Any CPU
		{9D1B6CAE-4B99-4074-8016-F52DF0CE0847}.GPU|Any CPU.ActiveCfg = Debug|Any CPU
		{9D1B6CAE-4B99-4074-8016-F52DF0CE0847}.GPU|Any CPU.Build.0 = Debug|Any CPU
		{9D1B6CAE-4B99-4074-8016-F52DF0CE0847}.GPU|x64.ActiveCfg = Debug|Any CPU
		{9D1B6CAE-4B99-4074-8016-F52DF0CE0847}.GPU|x64.Build.0 = Debug|Any CPU
		{9D1B6CAE-4B99-4074-8016-F52DF0CE0847}.Release|Any CPU.ActiveCfg = Release|Any CPU
		{9D1B6CAE-4B99-4074-8016-F52DF0CE0847}.Release|Any CPU.Build.0 = Release|Any CPU
		{9D1B6CAE-4B99-4074-8016-F52DF0CE0847}.Release|x64.ActiveCfg = Release|Any CPU
		{9D1B6CAE-4B99-4074-8016-F52DF0CE0847}.Release|x64.Build.0 = Release|Any CPU
		{692D333A-AD56-41B2-85CE-02B7B55E4702}.Debug|Any CPU.ActiveCfg = Debug|Any CPU
		{692D333A-AD56-41B2-85CE-02B7B55E4702}.Debug|Any CPU.Build.0 = Debug|Any CPU
		{692D333A-AD56-41B2-85CE-02B7B55E4702}.Debug|x64.ActiveCfg = Debug|Any CPU
		{692D333A-AD56-41B2-85CE-02B7B55E4702}.Debug|x64.Build.0 = Debug|Any CPU
		{692D333A-AD56-41B2-85CE-02B7B55E4702}.GPU|Any CPU.ActiveCfg = Debug|Any CPU
		{692D333A-AD56-41B2-85CE-02B7B55E4702}.GPU|Any CPU.Build.0 = Debug|Any CPU
		{692D333A-AD56-41B2-85CE-02B7B55E4702}.GPU|x64.ActiveCfg = Debug|Any CPU
		{692D333A-AD56-41B2-85CE-02B7B55E4702}.GPU|x64.Build.0 = Debug|Any CPU
		{692D333A-AD56-41B2-85CE-02B7B55E4702}.Release|Any CPU.ActiveCfg = Release|Any CPU
		{692D333A-AD56-41B2-85CE-02B7B55E4702}.Release|Any CPU.Build.0 = Release|Any CPU
		{692D333A-AD56-41B2-85CE-02B7B55E4702}.Release|x64.ActiveCfg = Release|Any CPU
		{692D333A-AD56-41B2-85CE-02B7B55E4702}.Release|x64.Build.0 = Release|Any CPU
		{B10BAD6B-E400-4B40-B213-0845C4AFFE85}.Debug|Any CPU.ActiveCfg = Debug|Any CPU
		{B10BAD6B-E400-4B40-B213-0845C4AFFE85}.Debug|Any CPU.Build.0 = Debug|Any CPU
		{B10BAD6B-E400-4B40-B213-0845C4AFFE85}.Debug|x64.ActiveCfg = Debug|Any CPU
		{B10BAD6B-E400-4B40-B213-0845C4AFFE85}.Debug|x64.Build.0 = Debug|Any CPU
		{B10BAD6B-E400-4B40-B213-0845C4AFFE85}.GPU|Any CPU.ActiveCfg = Debug|Any CPU
		{B10BAD6B-E400-4B40-B213-0845C4AFFE85}.GPU|Any CPU.Build.0 = Debug|Any CPU
		{B10BAD6B-E400-4B40-B213-0845C4AFFE85}.GPU|x64.ActiveCfg = Debug|Any CPU
		{B10BAD6B-E400-4B40-B213-0845C4AFFE85}.GPU|x64.Build.0 = Debug|Any CPU
		{B10BAD6B-E400-4B40-B213-0845C4AFFE85}.Release|Any CPU.ActiveCfg = Release|Any CPU
		{B10BAD6B-E400-4B40-B213-0845C4AFFE85}.Release|Any CPU.Build.0 = Release|Any CPU
		{B10BAD6B-E400-4B40-B213-0845C4AFFE85}.Release|x64.ActiveCfg = Release|Any CPU
		{B10BAD6B-E400-4B40-B213-0845C4AFFE85}.Release|x64.Build.0 = Release|Any CPU
		{1AE34E72-1149-4D8D-8149-69A88E5CA604}.Debug|Any CPU.ActiveCfg = Debug|Any CPU
		{1AE34E72-1149-4D8D-8149-69A88E5CA604}.Debug|Any CPU.Build.0 = Debug|Any CPU
		{1AE34E72-1149-4D8D-8149-69A88E5CA604}.Debug|x64.ActiveCfg = Debug|Any CPU
		{1AE34E72-1149-4D8D-8149-69A88E5CA604}.Debug|x64.Build.0 = Debug|Any CPU
		{1AE34E72-1149-4D8D-8149-69A88E5CA604}.GPU|Any CPU.ActiveCfg = Debug|Any CPU
		{1AE34E72-1149-4D8D-8149-69A88E5CA604}.GPU|Any CPU.Build.0 = Debug|Any CPU
		{1AE34E72-1149-4D8D-8149-69A88E5CA604}.GPU|x64.ActiveCfg = Debug|Any CPU
		{1AE34E72-1149-4D8D-8149-69A88E5CA604}.GPU|x64.Build.0 = Debug|Any CPU
		{1AE34E72-1149-4D8D-8149-69A88E5CA604}.Release|Any CPU.ActiveCfg = Release|Any CPU
		{1AE34E72-1149-4D8D-8149-69A88E5CA604}.Release|Any CPU.Build.0 = Release|Any CPU
		{1AE34E72-1149-4D8D-8149-69A88E5CA604}.Release|x64.ActiveCfg = Release|Any CPU
		{1AE34E72-1149-4D8D-8149-69A88E5CA604}.Release|x64.Build.0 = Release|Any CPU
		{0BAC05D6-827B-4EB5-BE6B-0078FE4AB679}.Debug|Any CPU.ActiveCfg = Debug|Any CPU
		{0BAC05D6-827B-4EB5-BE6B-0078FE4AB679}.Debug|Any CPU.Build.0 = Debug|Any CPU
		{0BAC05D6-827B-4EB5-BE6B-0078FE4AB679}.Debug|x64.ActiveCfg = Debug|Any CPU
		{0BAC05D6-827B-4EB5-BE6B-0078FE4AB679}.Debug|x64.Build.0 = Debug|Any CPU
		{0BAC05D6-827B-4EB5-BE6B-0078FE4AB679}.GPU|Any CPU.ActiveCfg = Debug|Any CPU
		{0BAC05D6-827B-4EB5-BE6B-0078FE4AB679}.GPU|Any CPU.Build.0 = Debug|Any CPU
		{0BAC05D6-827B-4EB5-BE6B-0078FE4AB679}.GPU|x64.ActiveCfg = Debug|Any CPU
		{0BAC05D6-827B-4EB5-BE6B-0078FE4AB679}.GPU|x64.Build.0 = Debug|Any CPU
		{0BAC05D6-827B-4EB5-BE6B-0078FE4AB679}.Release|Any CPU.ActiveCfg = Release|Any CPU
		{0BAC05D6-827B-4EB5-BE6B-0078FE4AB679}.Release|Any CPU.Build.0 = Release|Any CPU
		{0BAC05D6-827B-4EB5-BE6B-0078FE4AB679}.Release|x64.ActiveCfg = Release|Any CPU
		{0BAC05D6-827B-4EB5-BE6B-0078FE4AB679}.Release|x64.Build.0 = Release|Any CPU
		{383524B4-A591-4E6F-8BD1-C9739655D9B5}.Debug|Any CPU.ActiveCfg = Debug|Any CPU
		{383524B4-A591-4E6F-8BD1-C9739655D9B5}.Debug|Any CPU.Build.0 = Debug|Any CPU
		{383524B4-A591-4E6F-8BD1-C9739655D9B5}.Debug|x64.ActiveCfg = Debug|Any CPU
		{383524B4-A591-4E6F-8BD1-C9739655D9B5}.Debug|x64.Build.0 = Debug|Any CPU
		{383524B4-A591-4E6F-8BD1-C9739655D9B5}.GPU|Any CPU.ActiveCfg = Debug|Any CPU
		{383524B4-A591-4E6F-8BD1-C9739655D9B5}.GPU|Any CPU.Build.0 = Debug|Any CPU
		{383524B4-A591-4E6F-8BD1-C9739655D9B5}.GPU|x64.ActiveCfg = Debug|Any CPU
		{383524B4-A591-4E6F-8BD1-C9739655D9B5}.GPU|x64.Build.0 = Debug|Any CPU
		{383524B4-A591-4E6F-8BD1-C9739655D9B5}.Release|Any CPU.ActiveCfg = Release|Any CPU
		{383524B4-A591-4E6F-8BD1-C9739655D9B5}.Release|Any CPU.Build.0 = Release|Any CPU
		{383524B4-A591-4E6F-8BD1-C9739655D9B5}.Release|x64.ActiveCfg = Release|Any CPU
		{383524B4-A591-4E6F-8BD1-C9739655D9B5}.Release|x64.Build.0 = Release|Any CPU
		{96A10E49-2977-4433-B3DF-4D3B90C61BA5}.Debug|Any CPU.ActiveCfg = Debug|Any CPU
		{96A10E49-2977-4433-B3DF-4D3B90C61BA5}.Debug|Any CPU.Build.0 = Debug|Any CPU
		{96A10E49-2977-4433-B3DF-4D3B90C61BA5}.Debug|x64.ActiveCfg = Debug|Any CPU
		{96A10E49-2977-4433-B3DF-4D3B90C61BA5}.Debug|x64.Build.0 = Debug|Any CPU
		{96A10E49-2977-4433-B3DF-4D3B90C61BA5}.GPU|Any CPU.ActiveCfg = Debug|Any CPU
		{96A10E49-2977-4433-B3DF-4D3B90C61BA5}.GPU|Any CPU.Build.0 = Debug|Any CPU
		{96A10E49-2977-4433-B3DF-4D3B90C61BA5}.GPU|x64.ActiveCfg = Debug|Any CPU
		{96A10E49-2977-4433-B3DF-4D3B90C61BA5}.GPU|x64.Build.0 = Debug|Any CPU
		{96A10E49-2977-4433-B3DF-4D3B90C61BA5}.Release|Any CPU.ActiveCfg = Release|Any CPU
		{96A10E49-2977-4433-B3DF-4D3B90C61BA5}.Release|Any CPU.Build.0 = Release|Any CPU
		{96A10E49-2977-4433-B3DF-4D3B90C61BA5}.Release|x64.ActiveCfg = Release|Any CPU
		{96A10E49-2977-4433-B3DF-4D3B90C61BA5}.Release|x64.Build.0 = Release|Any CPU
		{FA8EAC23-F90C-4CA6-8D9C-E99D5587EB86}.Debug|Any CPU.ActiveCfg = Debug|Any CPU
		{FA8EAC23-F90C-4CA6-8D9C-E99D5587EB86}.Debug|Any CPU.Build.0 = Debug|Any CPU
		{FA8EAC23-F90C-4CA6-8D9C-E99D5587EB86}.Debug|x64.ActiveCfg = Debug|Any CPU
		{FA8EAC23-F90C-4CA6-8D9C-E99D5587EB86}.Debug|x64.Build.0 = Debug|Any CPU
		{FA8EAC23-F90C-4CA6-8D9C-E99D5587EB86}.GPU|Any CPU.ActiveCfg = Debug|Any CPU
		{FA8EAC23-F90C-4CA6-8D9C-E99D5587EB86}.GPU|Any CPU.Build.0 = Debug|Any CPU
		{FA8EAC23-F90C-4CA6-8D9C-E99D5587EB86}.GPU|x64.ActiveCfg = Debug|Any CPU
		{FA8EAC23-F90C-4CA6-8D9C-E99D5587EB86}.GPU|x64.Build.0 = Debug|Any CPU
		{FA8EAC23-F90C-4CA6-8D9C-E99D5587EB86}.Release|Any CPU.ActiveCfg = Release|Any CPU
		{FA8EAC23-F90C-4CA6-8D9C-E99D5587EB86}.Release|Any CPU.Build.0 = Release|Any CPU
		{FA8EAC23-F90C-4CA6-8D9C-E99D5587EB86}.Release|x64.ActiveCfg = Release|Any CPU
		{FA8EAC23-F90C-4CA6-8D9C-E99D5587EB86}.Release|x64.Build.0 = Release|Any CPU
		{C7A9D899-CEEC-47FA-B551-B438E1051828}.Debug|Any CPU.ActiveCfg = Debug|Any CPU
		{C7A9D899-CEEC-47FA-B551-B438E1051828}.Debug|Any CPU.Build.0 = Debug|Any CPU
		{C7A9D899-CEEC-47FA-B551-B438E1051828}.Debug|x64.ActiveCfg = Debug|Any CPU
		{C7A9D899-CEEC-47FA-B551-B438E1051828}.Debug|x64.Build.0 = Debug|Any CPU
		{C7A9D899-CEEC-47FA-B551-B438E1051828}.GPU|Any CPU.ActiveCfg = Debug|Any CPU
		{C7A9D899-CEEC-47FA-B551-B438E1051828}.GPU|Any CPU.Build.0 = Debug|Any CPU
		{C7A9D899-CEEC-47FA-B551-B438E1051828}.GPU|x64.ActiveCfg = Debug|Any CPU
		{C7A9D899-CEEC-47FA-B551-B438E1051828}.GPU|x64.Build.0 = Debug|Any CPU
		{C7A9D899-CEEC-47FA-B551-B438E1051828}.Release|Any CPU.ActiveCfg = Release|Any CPU
		{C7A9D899-CEEC-47FA-B551-B438E1051828}.Release|Any CPU.Build.0 = Release|Any CPU
		{C7A9D899-CEEC-47FA-B551-B438E1051828}.Release|x64.ActiveCfg = Release|Any CPU
		{C7A9D899-CEEC-47FA-B551-B438E1051828}.Release|x64.Build.0 = Release|Any CPU
		{8E059D05-C09D-45AB-AC22-8E37AF386713}.Debug|Any CPU.ActiveCfg = Debug|Any CPU
		{8E059D05-C09D-45AB-AC22-8E37AF386713}.Debug|Any CPU.Build.0 = Debug|Any CPU
		{8E059D05-C09D-45AB-AC22-8E37AF386713}.Debug|x64.ActiveCfg = Debug|Any CPU
		{8E059D05-C09D-45AB-AC22-8E37AF386713}.Debug|x64.Build.0 = Debug|Any CPU
		{8E059D05-C09D-45AB-AC22-8E37AF386713}.GPU|Any CPU.ActiveCfg = Debug|Any CPU
		{8E059D05-C09D-45AB-AC22-8E37AF386713}.GPU|Any CPU.Build.0 = Debug|Any CPU
		{8E059D05-C09D-45AB-AC22-8E37AF386713}.GPU|x64.ActiveCfg = Debug|Any CPU
		{8E059D05-C09D-45AB-AC22-8E37AF386713}.GPU|x64.Build.0 = Debug|Any CPU
		{8E059D05-C09D-45AB-AC22-8E37AF386713}.Release|Any CPU.ActiveCfg = Release|Any CPU
		{8E059D05-C09D-45AB-AC22-8E37AF386713}.Release|Any CPU.Build.0 = Release|Any CPU
		{8E059D05-C09D-45AB-AC22-8E37AF386713}.Release|x64.ActiveCfg = Release|Any CPU
		{8E059D05-C09D-45AB-AC22-8E37AF386713}.Release|x64.Build.0 = Release|Any CPU
		{0E19F87C-E560-45AC-A532-92C9538D1B41}.Debug|Any CPU.ActiveCfg = Debug|Any CPU
		{0E19F87C-E560-45AC-A532-92C9538D1B41}.Debug|Any CPU.Build.0 = Debug|Any CPU
		{0E19F87C-E560-45AC-A532-92C9538D1B41}.Debug|x64.ActiveCfg = Debug|Any CPU
		{0E19F87C-E560-45AC-A532-92C9538D1B41}.Debug|x64.Build.0 = Debug|Any CPU
		{0E19F87C-E560-45AC-A532-92C9538D1B41}.GPU|Any CPU.ActiveCfg = Debug|Any CPU
		{0E19F87C-E560-45AC-A532-92C9538D1B41}.GPU|Any CPU.Build.0 = Debug|Any CPU
		{0E19F87C-E560-45AC-A532-92C9538D1B41}.GPU|x64.ActiveCfg = Debug|Any CPU
		{0E19F87C-E560-45AC-A532-92C9538D1B41}.GPU|x64.Build.0 = Debug|Any CPU
		{0E19F87C-E560-45AC-A532-92C9538D1B41}.Release|Any CPU.ActiveCfg = Release|Any CPU
		{0E19F87C-E560-45AC-A532-92C9538D1B41}.Release|Any CPU.Build.0 = Release|Any CPU
		{0E19F87C-E560-45AC-A532-92C9538D1B41}.Release|x64.ActiveCfg = Release|Any CPU
		{0E19F87C-E560-45AC-A532-92C9538D1B41}.Release|x64.Build.0 = Release|Any CPU
		{2896C33B-5C7B-46F7-904E-BE3506690684}.Debug|Any CPU.ActiveCfg = Debug|Any CPU
		{2896C33B-5C7B-46F7-904E-BE3506690684}.Debug|Any CPU.Build.0 = Debug|Any CPU
		{2896C33B-5C7B-46F7-904E-BE3506690684}.Debug|x64.ActiveCfg = Debug|Any CPU
		{2896C33B-5C7B-46F7-904E-BE3506690684}.Debug|x64.Build.0 = Debug|Any CPU
		{2896C33B-5C7B-46F7-904E-BE3506690684}.GPU|Any CPU.ActiveCfg = Debug|Any CPU
		{2896C33B-5C7B-46F7-904E-BE3506690684}.GPU|Any CPU.Build.0 = Debug|Any CPU
		{2896C33B-5C7B-46F7-904E-BE3506690684}.GPU|x64.ActiveCfg = Debug|Any CPU
		{2896C33B-5C7B-46F7-904E-BE3506690684}.GPU|x64.Build.0 = Debug|Any CPU
		{2896C33B-5C7B-46F7-904E-BE3506690684}.Release|Any CPU.ActiveCfg = Release|Any CPU
		{2896C33B-5C7B-46F7-904E-BE3506690684}.Release|Any CPU.Build.0 = Release|Any CPU
		{2896C33B-5C7B-46F7-904E-BE3506690684}.Release|x64.ActiveCfg = Release|Any CPU
		{2896C33B-5C7B-46F7-904E-BE3506690684}.Release|x64.Build.0 = Release|Any CPU
		{8BDC2F57-0041-4423-AE53-E7E701D13438}.Debug|Any CPU.ActiveCfg = Debug|Any CPU
		{8BDC2F57-0041-4423-AE53-E7E701D13438}.Debug|Any CPU.Build.0 = Debug|Any CPU
		{8BDC2F57-0041-4423-AE53-E7E701D13438}.Debug|x64.ActiveCfg = Debug|Any CPU
		{8BDC2F57-0041-4423-AE53-E7E701D13438}.Debug|x64.Build.0 = Debug|Any CPU
		{8BDC2F57-0041-4423-AE53-E7E701D13438}.GPU|Any CPU.ActiveCfg = Debug|Any CPU
		{8BDC2F57-0041-4423-AE53-E7E701D13438}.GPU|Any CPU.Build.0 = Debug|Any CPU
		{8BDC2F57-0041-4423-AE53-E7E701D13438}.GPU|x64.ActiveCfg = Debug|Any CPU
		{8BDC2F57-0041-4423-AE53-E7E701D13438}.GPU|x64.Build.0 = Debug|Any CPU
		{8BDC2F57-0041-4423-AE53-E7E701D13438}.Release|Any CPU.ActiveCfg = Release|Any CPU
		{8BDC2F57-0041-4423-AE53-E7E701D13438}.Release|Any CPU.Build.0 = Release|Any CPU
		{8BDC2F57-0041-4423-AE53-E7E701D13438}.Release|x64.ActiveCfg = Release|Any CPU
		{8BDC2F57-0041-4423-AE53-E7E701D13438}.Release|x64.Build.0 = Release|Any CPU
		{46C07DC3-31DB-4E26-9CBC-88A88E8F4555}.Debug|Any CPU.ActiveCfg = Debug|Any CPU
		{46C07DC3-31DB-4E26-9CBC-88A88E8F4555}.Debug|Any CPU.Build.0 = Debug|Any CPU
		{46C07DC3-31DB-4E26-9CBC-88A88E8F4555}.Debug|x64.ActiveCfg = Debug|Any CPU
		{46C07DC3-31DB-4E26-9CBC-88A88E8F4555}.Debug|x64.Build.0 = Debug|Any CPU
		{46C07DC3-31DB-4E26-9CBC-88A88E8F4555}.GPU|Any CPU.ActiveCfg = Debug|Any CPU
		{46C07DC3-31DB-4E26-9CBC-88A88E8F4555}.GPU|Any CPU.Build.0 = Debug|Any CPU
		{46C07DC3-31DB-4E26-9CBC-88A88E8F4555}.GPU|x64.ActiveCfg = Debug|Any CPU
		{46C07DC3-31DB-4E26-9CBC-88A88E8F4555}.GPU|x64.Build.0 = Debug|Any CPU
		{46C07DC3-31DB-4E26-9CBC-88A88E8F4555}.Release|Any CPU.ActiveCfg = Release|Any CPU
		{46C07DC3-31DB-4E26-9CBC-88A88E8F4555}.Release|Any CPU.Build.0 = Release|Any CPU
		{46C07DC3-31DB-4E26-9CBC-88A88E8F4555}.Release|x64.ActiveCfg = Release|Any CPU
		{46C07DC3-31DB-4E26-9CBC-88A88E8F4555}.Release|x64.Build.0 = Release|Any CPU
	EndGlobalSection
	GlobalSection(SolutionProperties) = preSolution
		HideSolutionNode = FALSE
	EndGlobalSection
	GlobalSection(NestedProjects) = preSolution
		{2F6E7786-9E20-41A3-BC88-B333EAA21F0B} = {026C64E5-BB88-4CBB-92B0-D01E10F08A1E}
		{9D1B6CAE-4B99-4074-8016-F52DF0CE0847} = {026C64E5-BB88-4CBB-92B0-D01E10F08A1E}
		{692D333A-AD56-41B2-85CE-02B7B55E4702} = {82BFD4B4-EF96-48AD-AA2F-728D51550F7C}
		{B10BAD6B-E400-4B40-B213-0845C4AFFE85} = {82BFD4B4-EF96-48AD-AA2F-728D51550F7C}
		{1AE34E72-1149-4D8D-8149-69A88E5CA604} = {B89C201C-0655-4D69-AE93-6D22FBA777F3}
		{0BAC05D6-827B-4EB5-BE6B-0078FE4AB679} = {B89C201C-0655-4D69-AE93-6D22FBA777F3}
		{383524B4-A591-4E6F-8BD1-C9739655D9B5} = {22FAEB4A-0962-4F18-9856-A39E7649C88F}
		{96A10E49-2977-4433-B3DF-4D3B90C61BA5} = {22FAEB4A-0962-4F18-9856-A39E7649C88F}
		{FA8EAC23-F90C-4CA6-8D9C-E99D5587EB86} = {22FAEB4A-0962-4F18-9856-A39E7649C88F}
		{C7A9D899-CEEC-47FA-B551-B438E1051828} = {026C64E5-BB88-4CBB-92B0-D01E10F08A1E}
		{8E059D05-C09D-45AB-AC22-8E37AF386713} = {25776C1D-7FF3-41AF-AEFC-55C53CE63E81}
		{0E19F87C-E560-45AC-A532-92C9538D1B41} = {25776C1D-7FF3-41AF-AEFC-55C53CE63E81}
		{2896C33B-5C7B-46F7-904E-BE3506690684} = {026C64E5-BB88-4CBB-92B0-D01E10F08A1E}
		{46C07DC3-31DB-4E26-9CBC-88A88E8F4555} = {026C64E5-BB88-4CBB-92B0-D01E10F08A1E}
	EndGlobalSection
	GlobalSection(ExtensibilityGlobals) = postSolution
		SolutionGuid = {6DDEBBAD-C00A-4E03-96BC-F303ACD9A4DC}
	EndGlobalSection
EndGlobal
