
Microsoft Visual Studio Solution File, Format Version 12.00
# Visual Studio Version 17
VisualStudioVersion = 17.6.33815.320
MinimumVisualStudioVersion = 10.0.40219.1
Project("{9A19103F-16F7-4668-BE54-9A1E7A4F7556}") = "LlamaApi", "Llama\LlamaApi\LlamaApi.csproj", "{80260DFF-8FF3-4BA6-AF98-F7DA79757C5A}"
EndProject
Project("{9A19103F-16F7-4668-BE54-9A1E7A4F7556}") = "Llama.Data", "Llama\Llama.Data\Llama.Data.csproj", "{C74CB98D-EAC4-454F-88FE-1D2963E30B03}"
EndProject
Project("{9A19103F-16F7-4668-BE54-9A1E7A4F7556}") = "Llama.Core", "Llama\Llama.Core\Llama.Core.csproj", "{FE2D515D-3F7F-47A9-B80D-C745A861B0A1}"
EndProject
Project("{9A19103F-16F7-4668-BE54-9A1E7A4F7556}") = "Llama.Extensions", "Llama\Llama.Extensions\Llama.Extensions.csproj", "{AAB32FC2-4C4E-4E52-8596-CA8EC34903BF}"
EndProject
Project("{9A19103F-16F7-4668-BE54-9A1E7A4F7556}") = "Llama.Native", "Llama\Llama.Native\Llama.Native.csproj", "{2FC597E9-AD5F-4091-8E15-AE653FB7383C}"
EndProject
Project("{2150E333-8FDC-42A3-9474-1A3956D46DE8}") = "Solution Items", "Solution Items", "{B0FE39F3-5201-463A-ADEE-DEA792034B16}"
EndProject
Project("{FAE04EC0-301F-11D3-BF4B-00C04F79EFBC}") = "LlamaApi.Shared", "Llama\LlamaApi.Shared\LlamaApi.Shared.csproj", "{E908CB1C-5A7E-44E0-BE7E-546ECDF1213E}"
EndProject
Project("{FAE04EC0-301F-11D3-BF4B-00C04F79EFBC}") = "LlamaApiClient", "Llama\LlamaApiClient\LlamaApiClient.csproj", "{C2993C5D-D31D-4DF2-9E16-7DDC33E6A131}"
EndProject
Global
	GlobalSection(SolutionConfigurationPlatforms) = preSolution
		Debug|Any CPU = Debug|Any CPU
		Release|Any CPU = Release|Any CPU
	EndGlobalSection
	GlobalSection(ProjectConfigurationPlatforms) = postSolution
		{80260DFF-8FF3-4BA6-AF98-F7DA79757C5A}.Debug|Any CPU.ActiveCfg = Debug|Any CPU
		{80260DFF-8FF3-4BA6-AF98-F7DA79757C5A}.Debug|Any CPU.Build.0 = Debug|Any CPU
		{80260DFF-8FF3-4BA6-AF98-F7DA79757C5A}.Release|Any CPU.ActiveCfg = Release|Any CPU
		{80260DFF-8FF3-4BA6-AF98-F7DA79757C5A}.Release|Any CPU.Build.0 = Release|Any CPU
		{C74CB98D-EAC4-454F-88FE-1D2963E30B03}.Debug|Any CPU.ActiveCfg = Debug|Any CPU
		{C74CB98D-EAC4-454F-88FE-1D2963E30B03}.Debug|Any CPU.Build.0 = Debug|Any CPU
		{C74CB98D-EAC4-454F-88FE-1D2963E30B03}.Release|Any CPU.ActiveCfg = Release|Any CPU
		{C74CB98D-EAC4-454F-88FE-1D2963E30B03}.Release|Any CPU.Build.0 = Release|Any CPU
		{FE2D515D-3F7F-47A9-B80D-C745A861B0A1}.Debug|Any CPU.ActiveCfg = Debug|Any CPU
		{FE2D515D-3F7F-47A9-B80D-C745A861B0A1}.Debug|Any CPU.Build.0 = Debug|Any CPU
		{FE2D515D-3F7F-47A9-B80D-C745A861B0A1}.Release|Any CPU.ActiveCfg = Release|Any CPU
		{FE2D515D-3F7F-47A9-B80D-C745A861B0A1}.Release|Any CPU.Build.0 = Release|Any CPU
		{AAB32FC2-4C4E-4E52-8596-CA8EC34903BF}.Debug|Any CPU.ActiveCfg = Debug|Any CPU
		{AAB32FC2-4C4E-4E52-8596-CA8EC34903BF}.Debug|Any CPU.Build.0 = Debug|Any CPU
		{AAB32FC2-4C4E-4E52-8596-CA8EC34903BF}.Release|Any CPU.ActiveCfg = Release|Any CPU
		{AAB32FC2-4C4E-4E52-8596-CA8EC34903BF}.Release|Any CPU.Build.0 = Release|Any CPU
		{2FC597E9-AD5F-4091-8E15-AE653FB7383C}.Debug|Any CPU.ActiveCfg = Debug|Any CPU
		{2FC597E9-AD5F-4091-8E15-AE653FB7383C}.Debug|Any CPU.Build.0 = Debug|Any CPU
		{2FC597E9-AD5F-4091-8E15-AE653FB7383C}.Release|Any CPU.ActiveCfg = Release|Any CPU
		{2FC597E9-AD5F-4091-8E15-AE653FB7383C}.Release|Any CPU.Build.0 = Release|Any CPU
		{E908CB1C-5A7E-44E0-BE7E-546ECDF1213E}.Debug|Any CPU.ActiveCfg = Debug|Any CPU
		{E908CB1C-5A7E-44E0-BE7E-546ECDF1213E}.Debug|Any CPU.Build.0 = Debug|Any CPU
		{E908CB1C-5A7E-44E0-BE7E-546ECDF1213E}.Release|Any CPU.ActiveCfg = Release|Any CPU
		{E908CB1C-5A7E-44E0-BE7E-546ECDF1213E}.Release|Any CPU.Build.0 = Release|Any CPU
		{C2993C5D-D31D-4DF2-9E16-7DDC33E6A131}.Debug|Any CPU.ActiveCfg = Debug|Any CPU
		{C2993C5D-D31D-4DF2-9E16-7DDC33E6A131}.Debug|Any CPU.Build.0 = Debug|Any CPU
		{C2993C5D-D31D-4DF2-9E16-7DDC33E6A131}.Release|Any CPU.ActiveCfg = Release|Any CPU
		{C2993C5D-D31D-4DF2-9E16-7DDC33E6A131}.Release|Any CPU.Build.0 = Release|Any CPU
	EndGlobalSection
	GlobalSection(SolutionProperties) = preSolution
		HideSolutionNode = FALSE
	EndGlobalSection
	GlobalSection(ExtensibilityGlobals) = postSolution
		SolutionGuid = {5CD54321-0BE1-49B0-9A4F-EFE31405ED39}
	EndGlobalSection
EndGlobal
